// !$*UTF8*$!
{
	archiveVersion = 1;
	classes = {
	};
	objectVersion = 70;
	objects = {

/* Begin PBXBuildFile section */
		080EDEFB21B6DA7E00813479 /* EssentialFeed.framework in Frameworks */ = {isa = PBXBuildFile; fileRef = 080EDEF121B6DA7E00813479 /* EssentialFeed.framework */; };
		080EDF0C21B6DAE800813479 /* FeedImage.swift in Sources */ = {isa = PBXBuildFile; fileRef = 080EDF0B21B6DAE800813479 /* FeedImage.swift */; };
		080EDF0E21B6DCB600813479 /* FeedLoader.swift in Sources */ = {isa = PBXBuildFile; fileRef = 080EDF0D21B6DCB600813479 /* FeedLoader.swift */; };
		43194E022E139E34003D6201 /* EssentialFeed.framework in Frameworks */ = {isa = PBXBuildFile; fileRef = 080EDEF121B6DA7E00813479 /* EssentialFeed.framework */; platformFilter = ios; };
		43194E032E139E34003D6201 /* EssentialFeed.framework in Embed Frameworks */ = {isa = PBXBuildFile; fileRef = 080EDEF121B6DA7E00813479 /* EssentialFeed.framework */; settings = {ATTRIBUTES = (CodeSignOnCopy, RemoveHeadersOnCopy, ); }; };
		43194E082E13A031003D6201 /* XCTestCase+MemoryLeakTracking.swift in Sources */ = {isa = PBXBuildFile; fileRef = 43619FB72DCF2C5700DE5B8D /* XCTestCase+MemoryLeakTracking.swift */; };
		431F6B6C2DC38CD700142A0A /* LoadFeedFromRemoteUseCaseTests.swift in Sources */ = {isa = PBXBuildFile; fileRef = 431F6B6B2DC38CD700142A0A /* LoadFeedFromRemoteUseCaseTests.swift */; };
		431F6B6F2DC3DF8F00142A0A /* RemoteFeedLoader.swift in Sources */ = {isa = PBXBuildFile; fileRef = 431F6B6E2DC3DF8F00142A0A /* RemoteFeedLoader.swift */; };
		4336DE282DDE2C77006FA07D /* CacheFeedUseCaseTests.swift in Sources */ = {isa = PBXBuildFile; fileRef = 4336DE272DDE2C77006FA07D /* CacheFeedUseCaseTests.swift */; };
		433AF14B2DF595D200F06215 /* CoreDataHelpers.swift in Sources */ = {isa = PBXBuildFile; fileRef = 433AF14A2DF595D200F06215 /* CoreDataHelpers.swift */; };
		433AF14D2DF5966900F06215 /* ManagedCache.swift in Sources */ = {isa = PBXBuildFile; fileRef = 433AF14C2DF5966900F06215 /* ManagedCache.swift */; };
		433AF14F2DF596A000F06215 /* ManagedFeedImage.swift in Sources */ = {isa = PBXBuildFile; fileRef = 433AF14E2DF596A000F06215 /* ManagedFeedImage.swift */; };
		433AF1812DF5FF3E00F06215 /* EssentialFeed.framework in Frameworks */ = {isa = PBXBuildFile; fileRef = 080EDEF121B6DA7E00813479 /* EssentialFeed.framework */; };
		433AF18B2DF6047500F06215 /* XCTestCase+MemoryLeakTracking.swift in Sources */ = {isa = PBXBuildFile; fileRef = 43619FB72DCF2C5700DE5B8D /* XCTestCase+MemoryLeakTracking.swift */; };
		433AF1902DF6AC0700F06215 /* FeedCacheTestHelpers.swift in Sources */ = {isa = PBXBuildFile; fileRef = 43C4F40D2DE816AD0084042A /* FeedCacheTestHelpers.swift */; };
		433AF1912DF6AC1300F06215 /* ShareTestHelpers.swift in Sources */ = {isa = PBXBuildFile; fileRef = 43C4F40F2DE817BE0084042A /* ShareTestHelpers.swift */; };
		433CE1952E78454C00274628 /* LoadImageCommentsFromRemoteUseCaseTests.swift in Sources */ = {isa = PBXBuildFile; fileRef = 433CE1942E78454C00274628 /* LoadImageCommentsFromRemoteUseCaseTests.swift */; };
		433CE1972E78460C00274628 /* RemoteImageCommentsLoader.swift in Sources */ = {isa = PBXBuildFile; fileRef = 433CE1962E78460C00274628 /* RemoteImageCommentsLoader.swift */; };
		433CE1992E78492C00274628 /* ImageCommentsMapper.swift in Sources */ = {isa = PBXBuildFile; fileRef = 433CE1982E78492C00274628 /* ImageCommentsMapper.swift */; };
		43619FB82DCF2C5700DE5B8D /* XCTestCase+MemoryLeakTracking.swift in Sources */ = {isa = PBXBuildFile; fileRef = 43619FB72DCF2C5700DE5B8D /* XCTestCase+MemoryLeakTracking.swift */; };
		43619FBA2DD233D300DE5B8D /* URLSessionHTTPClient.swift in Sources */ = {isa = PBXBuildFile; fileRef = 43619FB92DD233D300DE5B8D /* URLSessionHTTPClient.swift */; };
		43619FC32DD23FE600DE5B8D /* EssentialFeed.framework in Frameworks */ = {isa = PBXBuildFile; fileRef = 080EDEF121B6DA7E00813479 /* EssentialFeed.framework */; };
		43619FC92DD66D1500DE5B8D /* XCTestCase+MemoryLeakTracking.swift in Sources */ = {isa = PBXBuildFile; fileRef = 43619FB72DCF2C5700DE5B8D /* XCTestCase+MemoryLeakTracking.swift */; };
		436B18512E2FE0AB000CC617 /* LocalFeedImageDataLoader.swift in Sources */ = {isa = PBXBuildFile; fileRef = 436B18502E2FE0AB000CC617 /* LocalFeedImageDataLoader.swift */; };
		436B18552E2FE165000CC617 /* FeedImageDataStore.swift in Sources */ = {isa = PBXBuildFile; fileRef = 436B18542E2FE165000CC617 /* FeedImageDataStore.swift */; };
		436B18572E30E888000CC617 /* FeedImageDataStoreSpy.swift in Sources */ = {isa = PBXBuildFile; fileRef = 436B18562E30E888000CC617 /* FeedImageDataStoreSpy.swift */; };
		436B18582E30E888000CC617 /* FeedImageDataStoreSpy.swift in Sources */ = {isa = PBXBuildFile; fileRef = 436B18562E30E888000CC617 /* FeedImageDataStoreSpy.swift */; };
		436B18592E30E888000CC617 /* FeedImageDataStoreSpy.swift in Sources */ = {isa = PBXBuildFile; fileRef = 436B18562E30E888000CC617 /* FeedImageDataStoreSpy.swift */; };
		436B185A2E30E888000CC617 /* FeedImageDataStoreSpy.swift in Sources */ = {isa = PBXBuildFile; fileRef = 436B18562E30E888000CC617 /* FeedImageDataStoreSpy.swift */; };
		436B185C2E30E99E000CC617 /* CacheFeedImageDataUseCaseTests.swift in Sources */ = {isa = PBXBuildFile; fileRef = 436B185B2E30E99E000CC617 /* CacheFeedImageDataUseCaseTests.swift */; };
		437773EB2DE5654300C05D86 /* FeedStoreSpy.swift in Sources */ = {isa = PBXBuildFile; fileRef = 437773EA2DE5654300C05D86 /* FeedStoreSpy.swift */; };
		437B45E82DFEBAC100A28B72 /* EssentialFeediOS.framework in Frameworks */ = {isa = PBXBuildFile; fileRef = 437B45DD2DFEBAC000A28B72 /* EssentialFeediOS.framework */; };
		43ABB5C12E40F92500AD8FB5 /* FeedCache.swift in Sources */ = {isa = PBXBuildFile; fileRef = 43ABB5C02E40F92500AD8FB5 /* FeedCache.swift */; };
		43ABDC952E2A250D0049ACDB /* FeedPresenter.swift in Sources */ = {isa = PBXBuildFile; fileRef = 43ABDC942E2A250D0049ACDB /* FeedPresenter.swift */; };
		43ABDC962E2A25E00049ACDB /* Feed.strings in Resources */ = {isa = PBXBuildFile; fileRef = 43ABDC8E2E2A1F8B0049ACDB /* Feed.strings */; };
		43ABDC982E2A68FF0049ACDB /* FeedErrorViewModel.swift in Sources */ = {isa = PBXBuildFile; fileRef = 43ABDC972E2A68FF0049ACDB /* FeedErrorViewModel.swift */; };
		43ABDC9A2E2A69170049ACDB /* FeedLoadingViewModel.swift in Sources */ = {isa = PBXBuildFile; fileRef = 43ABDC992E2A69170049ACDB /* FeedLoadingViewModel.swift */; };
		43ABDC9C2E2A692E0049ACDB /* FeedViewModel.swift in Sources */ = {isa = PBXBuildFile; fileRef = 43ABDC9B2E2A692E0049ACDB /* FeedViewModel.swift */; };
		43AE88532DCAFA5700090B14 /* HTTPClient.swift in Sources */ = {isa = PBXBuildFile; fileRef = 43AE88522DCAFA4400090B14 /* HTTPClient.swift */; };
		43AE88572DCAFC5000090B14 /* FeedItemsMapper.swift in Sources */ = {isa = PBXBuildFile; fileRef = 43AE88562DCAFC5000090B14 /* FeedItemsMapper.swift */; };
		43AE885A2DCC6FC900090B14 /* URLSessionHTTPClientTests.swift in Sources */ = {isa = PBXBuildFile; fileRef = 43AE88592DCC6FC900090B14 /* URLSessionHTTPClientTests.swift */; };
		43B5C5632E2CAD09002C5B82 /* FeedImagePresenter.swift in Sources */ = {isa = PBXBuildFile; fileRef = 43B5C5622E2CAD09002C5B82 /* FeedImagePresenter.swift */; };
		43B5C5B62E2CAF66002C5B82 /* FeedImageViewModel.swift in Sources */ = {isa = PBXBuildFile; fileRef = 43B5C5B52E2CAF66002C5B82 /* FeedImageViewModel.swift */; };
		43B5C65D2E2CCCD2002C5B82 /* FeedImageDataLoader.swift in Sources */ = {isa = PBXBuildFile; fileRef = 43B5C6242E2CB157002C5B82 /* FeedImageDataLoader.swift */; };
		43B5C65F2E2CCEE5002C5B82 /* LoadFeedImageDataFromRemoteUseCaseTests.swift in Sources */ = {isa = PBXBuildFile; fileRef = 43B5C65E2E2CCEE5002C5B82 /* LoadFeedImageDataFromRemoteUseCaseTests.swift */; };
		43B5C6612E2E78D4002C5B82 /* HTTPClientSpy.swift in Sources */ = {isa = PBXBuildFile; fileRef = 43B5C6602E2E78D4002C5B82 /* HTTPClientSpy.swift */; };
		43B5C6622E2E78D4002C5B82 /* HTTPClientSpy.swift in Sources */ = {isa = PBXBuildFile; fileRef = 43B5C6602E2E78D4002C5B82 /* HTTPClientSpy.swift */; };
		43B5C6632E2E78D4002C5B82 /* HTTPClientSpy.swift in Sources */ = {isa = PBXBuildFile; fileRef = 43B5C6602E2E78D4002C5B82 /* HTTPClientSpy.swift */; };
		43B5C6642E2E78D4002C5B82 /* HTTPClientSpy.swift in Sources */ = {isa = PBXBuildFile; fileRef = 43B5C6602E2E78D4002C5B82 /* HTTPClientSpy.swift */; };
		43B5C6662E2E7964002C5B82 /* RemoteFeedImageDataLoader.swift in Sources */ = {isa = PBXBuildFile; fileRef = 43B5C6652E2E7964002C5B82 /* RemoteFeedImageDataLoader.swift */; };
		43B5C6692E2E9CDE002C5B82 /* HTTPURLResponse+StatusCode.swift in Sources */ = {isa = PBXBuildFile; fileRef = 43B5C6682E2E9CDE002C5B82 /* HTTPURLResponse+StatusCode.swift */; };
		43B5C6702E2E9DCA002C5B82 /* URLProtocolStub.swift in Sources */ = {isa = PBXBuildFile; fileRef = 43B5C66F2E2E9DCA002C5B82 /* URLProtocolStub.swift */; };
		43B5C6712E2E9DCA002C5B82 /* URLProtocolStub.swift in Sources */ = {isa = PBXBuildFile; fileRef = 43B5C66F2E2E9DCA002C5B82 /* URLProtocolStub.swift */; };
		43B5C6722E2E9DCA002C5B82 /* URLProtocolStub.swift in Sources */ = {isa = PBXBuildFile; fileRef = 43B5C66F2E2E9DCA002C5B82 /* URLProtocolStub.swift */; };
		43B5C6732E2E9DCA002C5B82 /* URLProtocolStub.swift in Sources */ = {isa = PBXBuildFile; fileRef = 43B5C66F2E2E9DCA002C5B82 /* URLProtocolStub.swift */; };
		43B5C7092E2F8D7E002C5B82 /* LoadFeedImageDataFromCacheUseCaseTests.swift in Sources */ = {isa = PBXBuildFile; fileRef = 43B5C7082E2F8D7E002C5B82 /* LoadFeedImageDataFromCacheUseCaseTests.swift */; };
		43BCC7E52DE887A70059AB3D /* FeedCachePolicy.swift in Sources */ = {isa = PBXBuildFile; fileRef = 43BCC7E42DE887A70059AB3D /* FeedCachePolicy.swift */; };
		43BCC8032DF327B50059AB3D /* CoreDataFeedStoreTests.swift in Sources */ = {isa = PBXBuildFile; fileRef = 43BCC8022DF327B50059AB3D /* CoreDataFeedStoreTests.swift */; };
		43BCC8052DF35AD80059AB3D /* CoreDataFeedStore.swift in Sources */ = {isa = PBXBuildFile; fileRef = 43BCC8042DF35AD80059AB3D /* CoreDataFeedStore.swift */; };
		43BCC8082DF42AC40059AB3D /* FeedStore.xcdatamodeld in Sources */ = {isa = PBXBuildFile; fileRef = 43BCC8062DF42AC40059AB3D /* FeedStore.xcdatamodeld */; };
		43C26F292E324B33001E1191 /* CoreDataFeedImageDataStoreTests.swift in Sources */ = {isa = PBXBuildFile; fileRef = 43C26F282E324B33001E1191 /* CoreDataFeedImageDataStoreTests.swift */; };
		43C26F2E2E3294E9001E1191 /* CoreDataFeedStore+FeedImageDataStore.swift in Sources */ = {isa = PBXBuildFile; fileRef = 43C26F2D2E3294E9001E1191 /* CoreDataFeedStore+FeedImageDataStore.swift */; };
		43C26F312E334671001E1191 /* CoreDataFeedStore+FeedStore.swift in Sources */ = {isa = PBXBuildFile; fileRef = 43C26F302E334671001E1191 /* CoreDataFeedStore+FeedStore.swift */; };
		43C4F40C2DE7750C0084042A /* ValidateFeedCacheUseCaseTests.swift in Sources */ = {isa = PBXBuildFile; fileRef = 43C4F40B2DE7750C0084042A /* ValidateFeedCacheUseCaseTests.swift */; };
		43C4F40E2DE816AD0084042A /* FeedCacheTestHelpers.swift in Sources */ = {isa = PBXBuildFile; fileRef = 43C4F40D2DE816AD0084042A /* FeedCacheTestHelpers.swift */; };
		43C4F4102DE817BF0084042A /* ShareTestHelpers.swift in Sources */ = {isa = PBXBuildFile; fileRef = 43C4F40F2DE817BE0084042A /* ShareTestHelpers.swift */; };
		43C4F4112DE817BF0084042A /* ShareTestHelpers.swift in Sources */ = {isa = PBXBuildFile; fileRef = 43C4F40F2DE817BE0084042A /* ShareTestHelpers.swift */; };
		43CF6D602DE5640100307F04 /* LoadFeedFromCacheUseCaseTests.swift in Sources */ = {isa = PBXBuildFile; fileRef = 43CF6D5E2DE5639D00307F04 /* LoadFeedFromCacheUseCaseTests.swift */; };
		43F543AF2DF6B1A80033CEC4 /* XCTestCase+FailableInsertFeedStoreSpecs.swift in Sources */ = {isa = PBXBuildFile; fileRef = 43F543AC2DF6B1A80033CEC4 /* XCTestCase+FailableInsertFeedStoreSpecs.swift */; };
		43F543B02DF6B1A80033CEC4 /* XCTestCase+FailableRetrieveFeedStoreSpecs.swift in Sources */ = {isa = PBXBuildFile; fileRef = 43F543AD2DF6B1A80033CEC4 /* XCTestCase+FailableRetrieveFeedStoreSpecs.swift */; };
		43F543B12DF6B1A80033CEC4 /* XCTestCase+FeedStoreSpecs.swift in Sources */ = {isa = PBXBuildFile; fileRef = 43F543AE2DF6B1A80033CEC4 /* XCTestCase+FeedStoreSpecs.swift */; };
		43F543B22DF6B1A80033CEC4 /* XCTestCase+FailableDeleteFeedStoreSpecs.swift in Sources */ = {isa = PBXBuildFile; fileRef = 43F543AB2DF6B1A80033CEC4 /* XCTestCase+FailableDeleteFeedStoreSpecs.swift */; };
		43F543B32DF6B1A80033CEC4 /* FeedStoreSpecs.swift in Sources */ = {isa = PBXBuildFile; fileRef = 43F543AA2DF6B1A80033CEC4 /* FeedStoreSpecs.swift */; };
		43F57C582DE319D400789CC7 /* LocalFeedLoader.swift in Sources */ = {isa = PBXBuildFile; fileRef = 43F57C572DE319D400789CC7 /* LocalFeedLoader.swift */; };
		43F57C5A2DE31A8400789CC7 /* FeedStore.swift in Sources */ = {isa = PBXBuildFile; fileRef = 43F57C592DE31A8400789CC7 /* FeedStore.swift */; };
		43F57C602DE376D000789CC7 /* RemoteFeedItem.swift in Sources */ = {isa = PBXBuildFile; fileRef = 43F57C5F2DE376D000789CC7 /* RemoteFeedItem.swift */; };
		43F57C622DE3774400789CC7 /* LocalFeedImage.swift in Sources */ = {isa = PBXBuildFile; fileRef = 43F57C612DE3774400789CC7 /* LocalFeedImage.swift */; };
		43F8F4CC2E41FD5800C95815 /* FeedImageDataCache.swift in Sources */ = {isa = PBXBuildFile; fileRef = 43F8F4CB2E41FD5800C95815 /* FeedImageDataCache.swift */; };
/* End PBXBuildFile section */

/* Begin PBXContainerItemProxy section */
		080EDEFC21B6DA7E00813479 /* PBXContainerItemProxy */ = {
			isa = PBXContainerItemProxy;
			containerPortal = 080EDEE821B6DA7E00813479 /* Project object */;
			proxyType = 1;
			remoteGlobalIDString = 080EDEF021B6DA7E00813479;
			remoteInfo = EssentialFeed;
		};
		43194E042E139E34003D6201 /* PBXContainerItemProxy */ = {
			isa = PBXContainerItemProxy;
			containerPortal = 080EDEE821B6DA7E00813479 /* Project object */;
			proxyType = 1;
			remoteGlobalIDString = 080EDEF021B6DA7E00813479;
			remoteInfo = EssentialFeed;
		};
		433AF1822DF5FF3E00F06215 /* PBXContainerItemProxy */ = {
			isa = PBXContainerItemProxy;
			containerPortal = 080EDEE821B6DA7E00813479 /* Project object */;
			proxyType = 1;
			remoteGlobalIDString = 080EDEF021B6DA7E00813479;
			remoteInfo = EssentialFeed;
		};
		43619FC42DD23FE600DE5B8D /* PBXContainerItemProxy */ = {
			isa = PBXContainerItemProxy;
			containerPortal = 080EDEE821B6DA7E00813479 /* Project object */;
			proxyType = 1;
			remoteGlobalIDString = 080EDEF021B6DA7E00813479;
			remoteInfo = EssentialFeed;
		};
		437B45E92DFEBAC100A28B72 /* PBXContainerItemProxy */ = {
			isa = PBXContainerItemProxy;
			containerPortal = 080EDEE821B6DA7E00813479 /* Project object */;
			proxyType = 1;
			remoteGlobalIDString = 437B45DC2DFEBAC000A28B72;
			remoteInfo = EssentialFeediOS;
		};
/* End PBXContainerItemProxy section */

/* Begin PBXCopyFilesBuildPhase section */
		43194E062E139E34003D6201 /* Embed Frameworks */ = {
			isa = PBXCopyFilesBuildPhase;
			buildActionMask = 2147483647;
			dstPath = "";
			dstSubfolderSpec = 10;
			files = (
				43194E032E139E34003D6201 /* EssentialFeed.framework in Embed Frameworks */,
			);
			name = "Embed Frameworks";
			runOnlyForDeploymentPostprocessing = 0;
		};
/* End PBXCopyFilesBuildPhase section */

/* Begin PBXFileReference section */
		080EDEF121B6DA7E00813479 /* EssentialFeed.framework */ = {isa = PBXFileReference; explicitFileType = wrapper.framework; includeInIndex = 0; path = EssentialFeed.framework; sourceTree = BUILT_PRODUCTS_DIR; };
		080EDEF521B6DA7E00813479 /* Info.plist */ = {isa = PBXFileReference; lastKnownFileType = text.plist.xml; path = Info.plist; sourceTree = "<group>"; };
		080EDEFA21B6DA7E00813479 /* EssentialFeedTests.xctest */ = {isa = PBXFileReference; explicitFileType = wrapper.cfbundle; includeInIndex = 0; path = EssentialFeedTests.xctest; sourceTree = BUILT_PRODUCTS_DIR; };
		080EDF0121B6DA7E00813479 /* Info.plist */ = {isa = PBXFileReference; lastKnownFileType = text.plist.xml; path = Info.plist; sourceTree = "<group>"; };
		080EDF0B21B6DAE800813479 /* FeedImage.swift */ = {isa = PBXFileReference; lastKnownFileType = sourcecode.swift; path = FeedImage.swift; sourceTree = "<group>"; };
		080EDF0D21B6DCB600813479 /* FeedLoader.swift */ = {isa = PBXFileReference; lastKnownFileType = sourcecode.swift; path = FeedLoader.swift; sourceTree = "<group>"; };
		431DA7962E14F17500022C48 /* EssentialFeediOS.xctestplan */ = {isa = PBXFileReference; lastKnownFileType = text; path = EssentialFeediOS.xctestplan; sourceTree = "<group>"; };
		431F6B6B2DC38CD700142A0A /* LoadFeedFromRemoteUseCaseTests.swift */ = {isa = PBXFileReference; lastKnownFileType = sourcecode.swift; path = LoadFeedFromRemoteUseCaseTests.swift; sourceTree = "<group>"; };
		431F6B6E2DC3DF8F00142A0A /* RemoteFeedLoader.swift */ = {isa = PBXFileReference; lastKnownFileType = sourcecode.swift; path = RemoteFeedLoader.swift; sourceTree = "<group>"; };
		4336DE272DDE2C77006FA07D /* CacheFeedUseCaseTests.swift */ = {isa = PBXFileReference; lastKnownFileType = sourcecode.swift; path = CacheFeedUseCaseTests.swift; sourceTree = "<group>"; };
		433AF14A2DF595D200F06215 /* CoreDataHelpers.swift */ = {isa = PBXFileReference; lastKnownFileType = sourcecode.swift; path = CoreDataHelpers.swift; sourceTree = "<group>"; };
		433AF14C2DF5966900F06215 /* ManagedCache.swift */ = {isa = PBXFileReference; lastKnownFileType = sourcecode.swift; path = ManagedCache.swift; sourceTree = "<group>"; };
		433AF14E2DF596A000F06215 /* ManagedFeedImage.swift */ = {isa = PBXFileReference; lastKnownFileType = sourcecode.swift; path = ManagedFeedImage.swift; sourceTree = "<group>"; };
		433AF17D2DF5FF3E00F06215 /* EssentialFeedCacheIntegrationTests.xctest */ = {isa = PBXFileReference; explicitFileType = wrapper.cfbundle; includeInIndex = 0; path = EssentialFeedCacheIntegrationTests.xctest; sourceTree = BUILT_PRODUCTS_DIR; };
		433CE1942E78454C00274628 /* LoadImageCommentsFromRemoteUseCaseTests.swift */ = {isa = PBXFileReference; lastKnownFileType = sourcecode.swift; path = LoadImageCommentsFromRemoteUseCaseTests.swift; sourceTree = "<group>"; };
		433CE1962E78460C00274628 /* RemoteImageCommentsLoader.swift */ = {isa = PBXFileReference; lastKnownFileType = sourcecode.swift; path = RemoteImageCommentsLoader.swift; sourceTree = "<group>"; };
		433CE1982E78492C00274628 /* ImageCommentsMapper.swift */ = {isa = PBXFileReference; lastKnownFileType = sourcecode.swift; path = ImageCommentsMapper.swift; sourceTree = "<group>"; };
		43619FB72DCF2C5700DE5B8D /* XCTestCase+MemoryLeakTracking.swift */ = {isa = PBXFileReference; lastKnownFileType = sourcecode.swift; path = "XCTestCase+MemoryLeakTracking.swift"; sourceTree = "<group>"; };
		43619FB92DD233D300DE5B8D /* URLSessionHTTPClient.swift */ = {isa = PBXFileReference; lastKnownFileType = sourcecode.swift; path = URLSessionHTTPClient.swift; sourceTree = "<group>"; };
		43619FBF2DD23FE500DE5B8D /* EssentialFeedAPIEndToEndTests.xctest */ = {isa = PBXFileReference; explicitFileType = wrapper.cfbundle; includeInIndex = 0; path = EssentialFeedAPIEndToEndTests.xctest; sourceTree = BUILT_PRODUCTS_DIR; };
		43619FCD2DD6F0D500DE5B8D /* CI_macOS.xctestplan */ = {isa = PBXFileReference; lastKnownFileType = text; path = CI_macOS.xctestplan; sourceTree = "<group>"; };
		436B18502E2FE0AB000CC617 /* LocalFeedImageDataLoader.swift */ = {isa = PBXFileReference; lastKnownFileType = sourcecode.swift; path = LocalFeedImageDataLoader.swift; sourceTree = "<group>"; };
		436B18542E2FE165000CC617 /* FeedImageDataStore.swift */ = {isa = PBXFileReference; lastKnownFileType = sourcecode.swift; path = FeedImageDataStore.swift; sourceTree = "<group>"; };
		436B18562E30E888000CC617 /* FeedImageDataStoreSpy.swift */ = {isa = PBXFileReference; lastKnownFileType = sourcecode.swift; path = FeedImageDataStoreSpy.swift; sourceTree = "<group>"; };
		436B185B2E30E99E000CC617 /* CacheFeedImageDataUseCaseTests.swift */ = {isa = PBXFileReference; lastKnownFileType = sourcecode.swift; path = CacheFeedImageDataUseCaseTests.swift; sourceTree = "<group>"; };
		437773EA2DE5654300C05D86 /* FeedStoreSpy.swift */ = {isa = PBXFileReference; lastKnownFileType = sourcecode.swift; path = FeedStoreSpy.swift; sourceTree = "<group>"; };
		437B45DD2DFEBAC000A28B72 /* EssentialFeediOS.framework */ = {isa = PBXFileReference; explicitFileType = wrapper.framework; includeInIndex = 0; path = EssentialFeediOS.framework; sourceTree = BUILT_PRODUCTS_DIR; };
		437B45E72DFEBAC100A28B72 /* EssentialFeediOSTests.xctest */ = {isa = PBXFileReference; explicitFileType = wrapper.cfbundle; includeInIndex = 0; path = EssentialFeediOSTests.xctest; sourceTree = BUILT_PRODUCTS_DIR; };
		43A45DCB2E0040930086E39C /* CI_iOS.xctestplan */ = {isa = PBXFileReference; lastKnownFileType = text; path = CI_iOS.xctestplan; sourceTree = "<group>"; };
		43ABB5C02E40F92500AD8FB5 /* FeedCache.swift */ = {isa = PBXFileReference; lastKnownFileType = sourcecode.swift; path = FeedCache.swift; sourceTree = "<group>"; };
		43ABDC8F2E2A1F8B0049ACDB /* en */ = {isa = PBXFileReference; lastKnownFileType = text.plist.strings; name = en; path = en.lproj/Feed.strings; sourceTree = "<group>"; };
		43ABDC912E2A1F930049ACDB /* el */ = {isa = PBXFileReference; lastKnownFileType = text.plist.strings; name = el; path = el.lproj/Feed.strings; sourceTree = "<group>"; };
		43ABDC922E2A1F950049ACDB /* pt-BR */ = {isa = PBXFileReference; lastKnownFileType = text.plist.strings; name = "pt-BR"; path = "pt-BR.lproj/Feed.strings"; sourceTree = "<group>"; };
		43ABDC942E2A250D0049ACDB /* FeedPresenter.swift */ = {isa = PBXFileReference; lastKnownFileType = sourcecode.swift; path = FeedPresenter.swift; sourceTree = "<group>"; };
		43ABDC972E2A68FF0049ACDB /* FeedErrorViewModel.swift */ = {isa = PBXFileReference; lastKnownFileType = sourcecode.swift; path = FeedErrorViewModel.swift; sourceTree = "<group>"; };
		43ABDC992E2A69170049ACDB /* FeedLoadingViewModel.swift */ = {isa = PBXFileReference; lastKnownFileType = sourcecode.swift; path = FeedLoadingViewModel.swift; sourceTree = "<group>"; };
		43ABDC9B2E2A692E0049ACDB /* FeedViewModel.swift */ = {isa = PBXFileReference; lastKnownFileType = sourcecode.swift; path = FeedViewModel.swift; sourceTree = "<group>"; };
		43AE88522DCAFA4400090B14 /* HTTPClient.swift */ = {isa = PBXFileReference; lastKnownFileType = sourcecode.swift; path = HTTPClient.swift; sourceTree = "<group>"; };
		43AE88562DCAFC5000090B14 /* FeedItemsMapper.swift */ = {isa = PBXFileReference; lastKnownFileType = sourcecode.swift; path = FeedItemsMapper.swift; sourceTree = "<group>"; };
		43AE88592DCC6FC900090B14 /* URLSessionHTTPClientTests.swift */ = {isa = PBXFileReference; lastKnownFileType = sourcecode.swift; path = URLSessionHTTPClientTests.swift; sourceTree = "<group>"; };
		43B5C5622E2CAD09002C5B82 /* FeedImagePresenter.swift */ = {isa = PBXFileReference; lastKnownFileType = sourcecode.swift; path = FeedImagePresenter.swift; sourceTree = "<group>"; };
		43B5C5B52E2CAF66002C5B82 /* FeedImageViewModel.swift */ = {isa = PBXFileReference; lastKnownFileType = sourcecode.swift; path = FeedImageViewModel.swift; sourceTree = "<group>"; };
		43B5C6242E2CB157002C5B82 /* FeedImageDataLoader.swift */ = {isa = PBXFileReference; lastKnownFileType = sourcecode.swift; path = FeedImageDataLoader.swift; sourceTree = "<group>"; };
		43B5C65E2E2CCEE5002C5B82 /* LoadFeedImageDataFromRemoteUseCaseTests.swift */ = {isa = PBXFileReference; lastKnownFileType = sourcecode.swift; path = LoadFeedImageDataFromRemoteUseCaseTests.swift; sourceTree = "<group>"; };
		43B5C6602E2E78D4002C5B82 /* HTTPClientSpy.swift */ = {isa = PBXFileReference; lastKnownFileType = sourcecode.swift; path = HTTPClientSpy.swift; sourceTree = "<group>"; };
		43B5C6652E2E7964002C5B82 /* RemoteFeedImageDataLoader.swift */ = {isa = PBXFileReference; lastKnownFileType = sourcecode.swift; path = RemoteFeedImageDataLoader.swift; sourceTree = "<group>"; };
		43B5C6682E2E9CDE002C5B82 /* HTTPURLResponse+StatusCode.swift */ = {isa = PBXFileReference; lastKnownFileType = sourcecode.swift; path = "HTTPURLResponse+StatusCode.swift"; sourceTree = "<group>"; };
		43B5C66F2E2E9DCA002C5B82 /* URLProtocolStub.swift */ = {isa = PBXFileReference; lastKnownFileType = sourcecode.swift; path = URLProtocolStub.swift; sourceTree = "<group>"; };
		43B5C7082E2F8D7E002C5B82 /* LoadFeedImageDataFromCacheUseCaseTests.swift */ = {isa = PBXFileReference; lastKnownFileType = sourcecode.swift; path = LoadFeedImageDataFromCacheUseCaseTests.swift; sourceTree = "<group>"; };
		43BCC7E42DE887A70059AB3D /* FeedCachePolicy.swift */ = {isa = PBXFileReference; lastKnownFileType = sourcecode.swift; path = FeedCachePolicy.swift; sourceTree = "<group>"; };
		43BCC8022DF327B50059AB3D /* CoreDataFeedStoreTests.swift */ = {isa = PBXFileReference; lastKnownFileType = sourcecode.swift; path = CoreDataFeedStoreTests.swift; sourceTree = "<group>"; };
		43BCC8042DF35AD80059AB3D /* CoreDataFeedStore.swift */ = {isa = PBXFileReference; lastKnownFileType = sourcecode.swift; path = CoreDataFeedStore.swift; sourceTree = "<group>"; };
		43BCC8072DF42AC40059AB3D /* FeedStore.xcdatamodel */ = {isa = PBXFileReference; lastKnownFileType = wrapper.xcdatamodel; path = FeedStore.xcdatamodel; sourceTree = "<group>"; };
		43C26F282E324B33001E1191 /* CoreDataFeedImageDataStoreTests.swift */ = {isa = PBXFileReference; lastKnownFileType = sourcecode.swift; path = CoreDataFeedImageDataStoreTests.swift; sourceTree = "<group>"; };
		43C26F2C2E325EFC001E1191 /* FeedStore2.xcdatamodel */ = {isa = PBXFileReference; lastKnownFileType = wrapper.xcdatamodel; path = FeedStore2.xcdatamodel; sourceTree = "<group>"; };
		43C26F2D2E3294E9001E1191 /* CoreDataFeedStore+FeedImageDataStore.swift */ = {isa = PBXFileReference; lastKnownFileType = sourcecode.swift; path = "CoreDataFeedStore+FeedImageDataStore.swift"; sourceTree = "<group>"; };
		43C26F302E334671001E1191 /* CoreDataFeedStore+FeedStore.swift */ = {isa = PBXFileReference; lastKnownFileType = sourcecode.swift; path = "CoreDataFeedStore+FeedStore.swift"; sourceTree = "<group>"; };
		43C4F40B2DE7750C0084042A /* ValidateFeedCacheUseCaseTests.swift */ = {isa = PBXFileReference; lastKnownFileType = sourcecode.swift; path = ValidateFeedCacheUseCaseTests.swift; sourceTree = "<group>"; };
		43C4F40D2DE816AD0084042A /* FeedCacheTestHelpers.swift */ = {isa = PBXFileReference; lastKnownFileType = sourcecode.swift; path = FeedCacheTestHelpers.swift; sourceTree = "<group>"; };
		43C4F40F2DE817BE0084042A /* ShareTestHelpers.swift */ = {isa = PBXFileReference; lastKnownFileType = sourcecode.swift; path = ShareTestHelpers.swift; sourceTree = "<group>"; };
		43CF6D5E2DE5639D00307F04 /* LoadFeedFromCacheUseCaseTests.swift */ = {isa = PBXFileReference; lastKnownFileType = sourcecode.swift; path = LoadFeedFromCacheUseCaseTests.swift; sourceTree = "<group>"; };
		43F543AA2DF6B1A80033CEC4 /* FeedStoreSpecs.swift */ = {isa = PBXFileReference; lastKnownFileType = sourcecode.swift; path = FeedStoreSpecs.swift; sourceTree = "<group>"; };
		43F543AB2DF6B1A80033CEC4 /* XCTestCase+FailableDeleteFeedStoreSpecs.swift */ = {isa = PBXFileReference; lastKnownFileType = sourcecode.swift; path = "XCTestCase+FailableDeleteFeedStoreSpecs.swift"; sourceTree = "<group>"; };
		43F543AC2DF6B1A80033CEC4 /* XCTestCase+FailableInsertFeedStoreSpecs.swift */ = {isa = PBXFileReference; lastKnownFileType = sourcecode.swift; path = "XCTestCase+FailableInsertFeedStoreSpecs.swift"; sourceTree = "<group>"; };
		43F543AD2DF6B1A80033CEC4 /* XCTestCase+FailableRetrieveFeedStoreSpecs.swift */ = {isa = PBXFileReference; lastKnownFileType = sourcecode.swift; path = "XCTestCase+FailableRetrieveFeedStoreSpecs.swift"; sourceTree = "<group>"; };
		43F543AE2DF6B1A80033CEC4 /* XCTestCase+FeedStoreSpecs.swift */ = {isa = PBXFileReference; lastKnownFileType = sourcecode.swift; path = "XCTestCase+FeedStoreSpecs.swift"; sourceTree = "<group>"; };
		43F57C572DE319D400789CC7 /* LocalFeedLoader.swift */ = {isa = PBXFileReference; lastKnownFileType = sourcecode.swift; path = LocalFeedLoader.swift; sourceTree = "<group>"; };
		43F57C592DE31A8400789CC7 /* FeedStore.swift */ = {isa = PBXFileReference; lastKnownFileType = sourcecode.swift; path = FeedStore.swift; sourceTree = "<group>"; };
		43F57C5F2DE376D000789CC7 /* RemoteFeedItem.swift */ = {isa = PBXFileReference; lastKnownFileType = sourcecode.swift; path = RemoteFeedItem.swift; sourceTree = "<group>"; };
		43F57C612DE3774400789CC7 /* LocalFeedImage.swift */ = {isa = PBXFileReference; lastKnownFileType = sourcecode.swift; path = LocalFeedImage.swift; sourceTree = "<group>"; };
		43F8F4CB2E41FD5800C95815 /* FeedImageDataCache.swift */ = {isa = PBXFileReference; lastKnownFileType = sourcecode.swift; path = FeedImageDataCache.swift; sourceTree = "<group>"; };
/* End PBXFileReference section */

/* Begin PBXFileSystemSynchronizedBuildFileExceptionSet section */
		4384F9302E29670100A9106E /* PBXFileSystemSynchronizedBuildFileExceptionSet */ = {
			isa = PBXFileSystemSynchronizedBuildFileExceptionSet;
			membershipExceptions = (
				FeedImagePresenterTests.swift,
				FeedLocalizationTests.swift,
				FeedPresenterTests.swift,
			);
			target = 080EDEF921B6DA7E00813479 /* EssentialFeedTests */;
		};
		43F4329A2E5C9D2600C1BDAB /* PBXFileSystemSynchronizedBuildFileExceptionSet */ = {
			isa = PBXFileSystemSynchronizedBuildFileExceptionSet;
			membershipExceptions = (
				FeedSnapshotTests.swift,
				"Helpers/UIImage+TestHelpers.swift",
				"Helpers/UIViewController+Snapshot.swift",
				"Helpers/XCTestCase+Snapshot.swift",
			);
			target = 437B45DC2DFEBAC000A28B72 /* EssentialFeediOS */;
		};
		43F4329B2E5C9D2600C1BDAB /* PBXFileSystemSynchronizedBuildFileExceptionSet */ = {
			isa = PBXFileSystemSynchronizedBuildFileExceptionSet;
			membershipExceptions = (
				FeedSnapshotTests.swift,
				"Helpers/UIImage+TestHelpers.swift",
				"Helpers/UIViewController+Snapshot.swift",
				"Helpers/XCTestCase+Snapshot.swift",
			);
			target = 437B45E62DFEBAC100A28B72 /* EssentialFeediOSTests */;
		};
/* End PBXFileSystemSynchronizedBuildFileExceptionSet section */

/* Begin PBXFileSystemSynchronizedRootGroup section */
		433AF17E2DF5FF3E00F06215 /* EssentialFeedCacheIntegrationTests */ = {isa = PBXFileSystemSynchronizedRootGroup; explicitFileTypes = {}; explicitFolders = (); path = EssentialFeedCacheIntegrationTests; sourceTree = "<group>"; };
		43619FC02DD23FE600DE5B8D /* EssentialFeedAPIEndToEndTests */ = {isa = PBXFileSystemSynchronizedRootGroup; explicitFileTypes = {}; explicitFolders = (); path = EssentialFeedAPIEndToEndTests; sourceTree = "<group>"; };
		437B45DE2DFEBAC000A28B72 /* EssentialFeediOS */ = {isa = PBXFileSystemSynchronizedRootGroup; explicitFileTypes = {}; explicitFolders = (); path = EssentialFeediOS; sourceTree = "<group>"; };
		4384F92D2E2966CA00A9106E /* Feed Presenter */ = {isa = PBXFileSystemSynchronizedRootGroup; exceptions = (4384F9302E29670100A9106E /* PBXFileSystemSynchronizedBuildFileExceptionSet */, ); explicitFileTypes = {}; explicitFolders = (); path = "Feed Presenter"; sourceTree = "<group>"; };
		43F432982E5C9D2600C1BDAB /* EssentialFeediOSTests */ = {isa = PBXFileSystemSynchronizedRootGroup; exceptions = (43F4329A2E5C9D2600C1BDAB /* PBXFileSystemSynchronizedBuildFileExceptionSet */, 43F4329B2E5C9D2600C1BDAB /* PBXFileSystemSynchronizedBuildFileExceptionSet */, ); explicitFileTypes = {}; explicitFolders = (); path = EssentialFeediOSTests; sourceTree = "<group>"; };
/* End PBXFileSystemSynchronizedRootGroup section */

/* Begin PBXFrameworksBuildPhase section */
		080EDEEE21B6DA7E00813479 /* Frameworks */ = {
			isa = PBXFrameworksBuildPhase;
			buildActionMask = 2147483647;
			files = (
			);
			runOnlyForDeploymentPostprocessing = 0;
		};
		080EDEF721B6DA7E00813479 /* Frameworks */ = {
			isa = PBXFrameworksBuildPhase;
			buildActionMask = 2147483647;
			files = (
				080EDEFB21B6DA7E00813479 /* EssentialFeed.framework in Frameworks */,
			);
			runOnlyForDeploymentPostprocessing = 0;
		};
		433AF17A2DF5FF3E00F06215 /* Frameworks */ = {
			isa = PBXFrameworksBuildPhase;
			buildActionMask = 2147483647;
			files = (
				433AF1812DF5FF3E00F06215 /* EssentialFeed.framework in Frameworks */,
			);
			runOnlyForDeploymentPostprocessing = 0;
		};
		43619FBC2DD23FE500DE5B8D /* Frameworks */ = {
			isa = PBXFrameworksBuildPhase;
			buildActionMask = 2147483647;
			files = (
				43619FC32DD23FE600DE5B8D /* EssentialFeed.framework in Frameworks */,
			);
			runOnlyForDeploymentPostprocessing = 0;
		};
		437B45DA2DFEBAC000A28B72 /* Frameworks */ = {
			isa = PBXFrameworksBuildPhase;
			buildActionMask = 2147483647;
			files = (
				43194E022E139E34003D6201 /* EssentialFeed.framework in Frameworks */,
			);
			runOnlyForDeploymentPostprocessing = 0;
		};
		437B45E42DFEBAC100A28B72 /* Frameworks */ = {
			isa = PBXFrameworksBuildPhase;
			buildActionMask = 2147483647;
			files = (
				437B45E82DFEBAC100A28B72 /* EssentialFeediOS.framework in Frameworks */,
			);
			runOnlyForDeploymentPostprocessing = 0;
		};
/* End PBXFrameworksBuildPhase section */

/* Begin PBXGroup section */
		080EDEE721B6DA7E00813479 = {
			isa = PBXGroup;
			children = (
				431DA7962E14F17500022C48 /* EssentialFeediOS.xctestplan */,
				43A45DCB2E0040930086E39C /* CI_iOS.xctestplan */,
				43619FCD2DD6F0D500DE5B8D /* CI_macOS.xctestplan */,
				080EDEF321B6DA7E00813479 /* EssentialFeed */,
				080EDEFE21B6DA7E00813479 /* EssentialFeedTests */,
				43619FC02DD23FE600DE5B8D /* EssentialFeedAPIEndToEndTests */,
				433AF17E2DF5FF3E00F06215 /* EssentialFeedCacheIntegrationTests */,
				437B45DE2DFEBAC000A28B72 /* EssentialFeediOS */,
				43F432982E5C9D2600C1BDAB /* EssentialFeediOSTests */,
				43194E012E139E34003D6201 /* Frameworks */,
				080EDEF221B6DA7E00813479 /* Products */,
			);
			sourceTree = "<group>";
		};
		080EDEF221B6DA7E00813479 /* Products */ = {
			isa = PBXGroup;
			children = (
				080EDEF121B6DA7E00813479 /* EssentialFeed.framework */,
				080EDEFA21B6DA7E00813479 /* EssentialFeedTests.xctest */,
				43619FBF2DD23FE500DE5B8D /* EssentialFeedAPIEndToEndTests.xctest */,
				433AF17D2DF5FF3E00F06215 /* EssentialFeedCacheIntegrationTests.xctest */,
				437B45DD2DFEBAC000A28B72 /* EssentialFeediOS.framework */,
				437B45E72DFEBAC100A28B72 /* EssentialFeediOSTests.xctest */,
			);
			name = Products;
			sourceTree = "<group>";
		};
		080EDEF321B6DA7E00813479 /* EssentialFeed */ = {
			isa = PBXGroup;
			children = (
				080EDEF521B6DA7E00813479 /* Info.plist */,
				43F57C562DE319B200789CC7 /* Feed Cache */,
				080EDF1021B6DFA200813479 /* Feed Feature */,
				431F6B6D2DC3DF6300142A0A /* Feed API */,
				43ABDC932E2A24EA0049ACDB /* Feed Presentation */,
			);
			path = EssentialFeed;
			sourceTree = "<group>";
		};
		080EDEFE21B6DA7E00813479 /* EssentialFeedTests */ = {
			isa = PBXGroup;
			children = (
				4384F92D2E2966CA00A9106E /* Feed Presenter */,
				43619FB62DCF2C2F00DE5B8D /* Helpers */,
				43AE88582DCB089900090B14 /* Feed API */,
				4336DE262DDE2C43006FA07D /* Feed Cache */,
				080EDF0121B6DA7E00813479 /* Info.plist */,
			);
			path = EssentialFeedTests;
			sourceTree = "<group>";
		};
		080EDF1021B6DFA200813479 /* Feed Feature */ = {
			isa = PBXGroup;
			children = (
				080EDF0B21B6DAE800813479 /* FeedImage.swift */,
				080EDF0D21B6DCB600813479 /* FeedLoader.swift */,
				43B5C6242E2CB157002C5B82 /* FeedImageDataLoader.swift */,
				43ABB5C02E40F92500AD8FB5 /* FeedCache.swift */,
				43F8F4CB2E41FD5800C95815 /* FeedImageDataCache.swift */,
			);
			path = "Feed Feature";
			sourceTree = "<group>";
		};
		43194E012E139E34003D6201 /* Frameworks */ = {
			isa = PBXGroup;
			children = (
			);
			name = Frameworks;
			sourceTree = "<group>";
		};
		431F6B6D2DC3DF6300142A0A /* Feed API */ = {
			isa = PBXGroup;
			children = (
				43B5C6672E2E9CCF002C5B82 /* Helpers */,
				43619FB92DD233D300DE5B8D /* URLSessionHTTPClient.swift */,
				431F6B6E2DC3DF8F00142A0A /* RemoteFeedLoader.swift */,
				43AE88522DCAFA4400090B14 /* HTTPClient.swift */,
				43AE88562DCAFC5000090B14 /* FeedItemsMapper.swift */,
				43F57C5F2DE376D000789CC7 /* RemoteFeedItem.swift */,
				43B5C6652E2E7964002C5B82 /* RemoteFeedImageDataLoader.swift */,
				433CE1962E78460C00274628 /* RemoteImageCommentsLoader.swift */,
				433CE1982E78492C00274628 /* ImageCommentsMapper.swift */,
			);
			path = "Feed API";
			sourceTree = "<group>";
		};
		4336DE262DDE2C43006FA07D /* Feed Cache */ = {
			isa = PBXGroup;
			children = (
				43F543A92DF6B1830033CEC4 /* FeedStoreSpecs */,
				437773E92DE5652F00C05D86 /* Helpers */,
				4336DE272DDE2C77006FA07D /* CacheFeedUseCaseTests.swift */,
				43CF6D5E2DE5639D00307F04 /* LoadFeedFromCacheUseCaseTests.swift */,
				43C4F40B2DE7750C0084042A /* ValidateFeedCacheUseCaseTests.swift */,
				43BCC8022DF327B50059AB3D /* CoreDataFeedStoreTests.swift */,
				436B185B2E30E99E000CC617 /* CacheFeedImageDataUseCaseTests.swift */,
				43C26F282E324B33001E1191 /* CoreDataFeedImageDataStoreTests.swift */,
			);
			path = "Feed Cache";
			sourceTree = "<group>";
		};
		433AF1472DF5943500F06215 /* Infrastructure */ = {
			isa = PBXGroup;
			children = (
				433AF1482DF5943B00F06215 /* CoreData */,
			);
			path = Infrastructure;
			sourceTree = "<group>";
		};
		433AF1482DF5943B00F06215 /* CoreData */ = {
			isa = PBXGroup;
			children = (
				43BCC8042DF35AD80059AB3D /* CoreDataFeedStore.swift */,
				433AF14A2DF595D200F06215 /* CoreDataHelpers.swift */,
				433AF14C2DF5966900F06215 /* ManagedCache.swift */,
				433AF14E2DF596A000F06215 /* ManagedFeedImage.swift */,
				43C26F302E334671001E1191 /* CoreDataFeedStore+FeedStore.swift */,
				43C26F2D2E3294E9001E1191 /* CoreDataFeedStore+FeedImageDataStore.swift */,
				43BCC8062DF42AC40059AB3D /* FeedStore.xcdatamodeld */,
			);
			path = CoreData;
			sourceTree = "<group>";
		};
		43619FB62DCF2C2F00DE5B8D /* Helpers */ = {
			isa = PBXGroup;
			children = (
				43619FB72DCF2C5700DE5B8D /* XCTestCase+MemoryLeakTracking.swift */,
				43C4F40F2DE817BE0084042A /* ShareTestHelpers.swift */,
				43B5C6602E2E78D4002C5B82 /* HTTPClientSpy.swift */,
				43B5C66F2E2E9DCA002C5B82 /* URLProtocolStub.swift */,
				436B18562E30E888000CC617 /* FeedImageDataStoreSpy.swift */,
			);
			path = Helpers;
			sourceTree = "<group>";
		};
		437773E92DE5652F00C05D86 /* Helpers */ = {
			isa = PBXGroup;
			children = (
				437773EA2DE5654300C05D86 /* FeedStoreSpy.swift */,
				43C4F40D2DE816AD0084042A /* FeedCacheTestHelpers.swift */,
			);
			path = Helpers;
			sourceTree = "<group>";
		};
		43ABDC932E2A24EA0049ACDB /* Feed Presentation */ = {
			isa = PBXGroup;
			children = (
				43ABDC8E2E2A1F8B0049ACDB /* Feed.strings */,
				43ABDC942E2A250D0049ACDB /* FeedPresenter.swift */,
				43ABDC972E2A68FF0049ACDB /* FeedErrorViewModel.swift */,
				43ABDC992E2A69170049ACDB /* FeedLoadingViewModel.swift */,
				43ABDC9B2E2A692E0049ACDB /* FeedViewModel.swift */,
				43B5C5622E2CAD09002C5B82 /* FeedImagePresenter.swift */,
				43B5C5B52E2CAF66002C5B82 /* FeedImageViewModel.swift */,
			);
			path = "Feed Presentation";
			sourceTree = "<group>";
		};
		43AE88582DCB089900090B14 /* Feed API */ = {
			isa = PBXGroup;
			children = (
				431F6B6B2DC38CD700142A0A /* LoadFeedFromRemoteUseCaseTests.swift */,
				43AE88592DCC6FC900090B14 /* URLSessionHTTPClientTests.swift */,
				43B5C65E2E2CCEE5002C5B82 /* LoadFeedImageDataFromRemoteUseCaseTests.swift */,
				43B5C7082E2F8D7E002C5B82 /* LoadFeedImageDataFromCacheUseCaseTests.swift */,
				433CE1942E78454C00274628 /* LoadImageCommentsFromRemoteUseCaseTests.swift */,
			);
			path = "Feed API";
			sourceTree = "<group>";
		};
		43B5C6672E2E9CCF002C5B82 /* Helpers */ = {
			isa = PBXGroup;
			children = (
				43B5C6682E2E9CDE002C5B82 /* HTTPURLResponse+StatusCode.swift */,
			);
			path = Helpers;
			sourceTree = "<group>";
		};
		43F543A92DF6B1830033CEC4 /* FeedStoreSpecs */ = {
			isa = PBXGroup;
			children = (
				43F543AA2DF6B1A80033CEC4 /* FeedStoreSpecs.swift */,
				43F543AB2DF6B1A80033CEC4 /* XCTestCase+FailableDeleteFeedStoreSpecs.swift */,
				43F543AC2DF6B1A80033CEC4 /* XCTestCase+FailableInsertFeedStoreSpecs.swift */,
				43F543AD2DF6B1A80033CEC4 /* XCTestCase+FailableRetrieveFeedStoreSpecs.swift */,
				43F543AE2DF6B1A80033CEC4 /* XCTestCase+FeedStoreSpecs.swift */,
			);
			path = FeedStoreSpecs;
			sourceTree = "<group>";
		};
		43F57C562DE319B200789CC7 /* Feed Cache */ = {
			isa = PBXGroup;
			children = (
				433AF1472DF5943500F06215 /* Infrastructure */,
				43F57C572DE319D400789CC7 /* LocalFeedLoader.swift */,
				43BCC7E42DE887A70059AB3D /* FeedCachePolicy.swift */,
				43F57C592DE31A8400789CC7 /* FeedStore.swift */,
				43F57C612DE3774400789CC7 /* LocalFeedImage.swift */,
				436B18542E2FE165000CC617 /* FeedImageDataStore.swift */,
				436B18502E2FE0AB000CC617 /* LocalFeedImageDataLoader.swift */,
			);
			path = "Feed Cache";
			sourceTree = "<group>";
		};
/* End PBXGroup section */

/* Begin PBXHeadersBuildPhase section */
		080EDEEC21B6DA7E00813479 /* Headers */ = {
			isa = PBXHeadersBuildPhase;
			buildActionMask = 2147483647;
			files = (
			);
			runOnlyForDeploymentPostprocessing = 0;
		};
		437B45D82DFEBAC000A28B72 /* Headers */ = {
			isa = PBXHeadersBuildPhase;
			buildActionMask = 2147483647;
			files = (
			);
			runOnlyForDeploymentPostprocessing = 0;
		};
/* End PBXHeadersBuildPhase section */

/* Begin PBXNativeTarget section */
		080EDEF021B6DA7E00813479 /* EssentialFeed */ = {
			isa = PBXNativeTarget;
			buildConfigurationList = 080EDF0521B6DA7E00813479 /* Build configuration list for PBXNativeTarget "EssentialFeed" */;
			buildPhases = (
				080EDEEC21B6DA7E00813479 /* Headers */,
				080EDEED21B6DA7E00813479 /* Sources */,
				080EDEEE21B6DA7E00813479 /* Frameworks */,
				080EDEEF21B6DA7E00813479 /* Resources */,
			);
			buildRules = (
			);
			dependencies = (
			);
			name = EssentialFeed;
			productName = EssentialFeed;
			productReference = 080EDEF121B6DA7E00813479 /* EssentialFeed.framework */;
			productType = "com.apple.product-type.framework";
		};
		080EDEF921B6DA7E00813479 /* EssentialFeedTests */ = {
			isa = PBXNativeTarget;
			buildConfigurationList = 080EDF0821B6DA7E00813479 /* Build configuration list for PBXNativeTarget "EssentialFeedTests" */;
			buildPhases = (
				080EDEF621B6DA7E00813479 /* Sources */,
				080EDEF721B6DA7E00813479 /* Frameworks */,
				080EDEF821B6DA7E00813479 /* Resources */,
			);
			buildRules = (
			);
			dependencies = (
				080EDEFD21B6DA7E00813479 /* PBXTargetDependency */,
			);
			name = EssentialFeedTests;
			productName = EssentialFeedTests;
			productReference = 080EDEFA21B6DA7E00813479 /* EssentialFeedTests.xctest */;
			productType = "com.apple.product-type.bundle.unit-test";
		};
		433AF17C2DF5FF3E00F06215 /* EssentialFeedCacheIntegrationTests */ = {
			isa = PBXNativeTarget;
			buildConfigurationList = 433AF1862DF5FF3E00F06215 /* Build configuration list for PBXNativeTarget "EssentialFeedCacheIntegrationTests" */;
			buildPhases = (
				433AF1792DF5FF3E00F06215 /* Sources */,
				433AF17A2DF5FF3E00F06215 /* Frameworks */,
				433AF17B2DF5FF3E00F06215 /* Resources */,
			);
			buildRules = (
			);
			dependencies = (
				433AF1832DF5FF3E00F06215 /* PBXTargetDependency */,
			);
			fileSystemSynchronizedGroups = (
				433AF17E2DF5FF3E00F06215 /* EssentialFeedCacheIntegrationTests */,
			);
			name = EssentialFeedCacheIntegrationTests;
			packageProductDependencies = (
			);
			productName = EssentialFeedCacheIntegrationTests;
			productReference = 433AF17D2DF5FF3E00F06215 /* EssentialFeedCacheIntegrationTests.xctest */;
			productType = "com.apple.product-type.bundle.unit-test";
		};
		43619FBE2DD23FE500DE5B8D /* EssentialFeedAPIEndToEndTests */ = {
			isa = PBXNativeTarget;
			buildConfigurationList = 43619FC62DD23FE600DE5B8D /* Build configuration list for PBXNativeTarget "EssentialFeedAPIEndToEndTests" */;
			buildPhases = (
				43619FBB2DD23FE500DE5B8D /* Sources */,
				43619FBC2DD23FE500DE5B8D /* Frameworks */,
				43619FBD2DD23FE500DE5B8D /* Resources */,
			);
			buildRules = (
			);
			dependencies = (
				43619FC52DD23FE600DE5B8D /* PBXTargetDependency */,
			);
			fileSystemSynchronizedGroups = (
				43619FC02DD23FE600DE5B8D /* EssentialFeedAPIEndToEndTests */,
			);
			name = EssentialFeedAPIEndToEndTests;
			packageProductDependencies = (
			);
			productName = EssentialFeedAPIEndToEndTests;
			productReference = 43619FBF2DD23FE500DE5B8D /* EssentialFeedAPIEndToEndTests.xctest */;
			productType = "com.apple.product-type.bundle.unit-test";
		};
		437B45DC2DFEBAC000A28B72 /* EssentialFeediOS */ = {
			isa = PBXNativeTarget;
			buildConfigurationList = 437B45F22DFEBAC100A28B72 /* Build configuration list for PBXNativeTarget "EssentialFeediOS" */;
			buildPhases = (
				437B45D82DFEBAC000A28B72 /* Headers */,
				437B45D92DFEBAC000A28B72 /* Sources */,
				437B45DA2DFEBAC000A28B72 /* Frameworks */,
				437B45DB2DFEBAC000A28B72 /* Resources */,
				43194E062E139E34003D6201 /* Embed Frameworks */,
			);
			buildRules = (
			);
			dependencies = (
				43194E052E139E34003D6201 /* PBXTargetDependency */,
			);
			fileSystemSynchronizedGroups = (
				437B45DE2DFEBAC000A28B72 /* EssentialFeediOS */,
				43F432982E5C9D2600C1BDAB /* EssentialFeediOSTests */,
			);
			name = EssentialFeediOS;
			packageProductDependencies = (
			);
			productName = EssentialFeediOS;
			productReference = 437B45DD2DFEBAC000A28B72 /* EssentialFeediOS.framework */;
			productType = "com.apple.product-type.framework";
		};
		437B45E62DFEBAC100A28B72 /* EssentialFeediOSTests */ = {
			isa = PBXNativeTarget;
			buildConfigurationList = 437B45F32DFEBAC100A28B72 /* Build configuration list for PBXNativeTarget "EssentialFeediOSTests" */;
			buildPhases = (
				437B45E32DFEBAC100A28B72 /* Sources */,
				437B45E42DFEBAC100A28B72 /* Frameworks */,
				437B45E52DFEBAC100A28B72 /* Resources */,
			);
			buildRules = (
			);
			dependencies = (
				437B45EA2DFEBAC100A28B72 /* PBXTargetDependency */,
			);
			name = EssentialFeediOSTests;
			packageProductDependencies = (
			);
			productName = EssentialFeediOSTests;
			productReference = 437B45E72DFEBAC100A28B72 /* EssentialFeediOSTests.xctest */;
			productType = "com.apple.product-type.bundle.unit-test";
		};
/* End PBXNativeTarget section */

/* Begin PBXProject section */
		080EDEE821B6DA7E00813479 /* Project object */ = {
			isa = PBXProject;
			attributes = {
				BuildIndependentTargetsInParallel = YES;
				LastSwiftUpdateCheck = 1630;
				LastUpgradeCheck = 1600;
				ORGANIZATIONNAME = "";
				TargetAttributes = {
					080EDEF021B6DA7E00813479 = {
						CreatedOnToolsVersion = 10.1;
						LastSwiftMigration = 1540;
					};
					080EDEF921B6DA7E00813479 = {
						CreatedOnToolsVersion = 10.1;
						LastSwiftMigration = 1610;
					};
					433AF17C2DF5FF3E00F06215 = {
						CreatedOnToolsVersion = 16.3;
					};
					43619FBE2DD23FE500DE5B8D = {
						CreatedOnToolsVersion = 16.3;
					};
					437B45DC2DFEBAC000A28B72 = {
						CreatedOnToolsVersion = 16.3;
					};
					437B45E62DFEBAC100A28B72 = {
						CreatedOnToolsVersion = 16.3;
						LastSwiftMigration = 1630;
					};
				};
			};
			buildConfigurationList = 080EDEEB21B6DA7E00813479 /* Build configuration list for PBXProject "EssentialFeed" */;
			compatibilityVersion = "Xcode 13.0";
			developmentRegion = en;
			hasScannedForEncodings = 0;
			knownRegions = (
				en,
				Base,
				"pt-BR",
				el,
			);
			mainGroup = 080EDEE721B6DA7E00813479;
			productRefGroup = 080EDEF221B6DA7E00813479 /* Products */;
			projectDirPath = "";
			projectRoot = "";
			targets = (
				080EDEF021B6DA7E00813479 /* EssentialFeed */,
				080EDEF921B6DA7E00813479 /* EssentialFeedTests */,
				43619FBE2DD23FE500DE5B8D /* EssentialFeedAPIEndToEndTests */,
				433AF17C2DF5FF3E00F06215 /* EssentialFeedCacheIntegrationTests */,
				437B45DC2DFEBAC000A28B72 /* EssentialFeediOS */,
				437B45E62DFEBAC100A28B72 /* EssentialFeediOSTests */,
			);
		};
/* End PBXProject section */

/* Begin PBXResourcesBuildPhase section */
		080EDEEF21B6DA7E00813479 /* Resources */ = {
			isa = PBXResourcesBuildPhase;
			buildActionMask = 2147483647;
			files = (
				43ABDC962E2A25E00049ACDB /* Feed.strings in Resources */,
			);
			runOnlyForDeploymentPostprocessing = 0;
		};
		080EDEF821B6DA7E00813479 /* Resources */ = {
			isa = PBXResourcesBuildPhase;
			buildActionMask = 2147483647;
			files = (
			);
			runOnlyForDeploymentPostprocessing = 0;
		};
		433AF17B2DF5FF3E00F06215 /* Resources */ = {
			isa = PBXResourcesBuildPhase;
			buildActionMask = 2147483647;
			files = (
			);
			runOnlyForDeploymentPostprocessing = 0;
		};
		43619FBD2DD23FE500DE5B8D /* Resources */ = {
			isa = PBXResourcesBuildPhase;
			buildActionMask = 2147483647;
			files = (
			);
			runOnlyForDeploymentPostprocessing = 0;
		};
		437B45DB2DFEBAC000A28B72 /* Resources */ = {
			isa = PBXResourcesBuildPhase;
			buildActionMask = 2147483647;
			files = (
			);
			runOnlyForDeploymentPostprocessing = 0;
		};
		437B45E52DFEBAC100A28B72 /* Resources */ = {
			isa = PBXResourcesBuildPhase;
			buildActionMask = 2147483647;
			files = (
			);
			runOnlyForDeploymentPostprocessing = 0;
		};
/* End PBXResourcesBuildPhase section */

/* Begin PBXSourcesBuildPhase section */
		080EDEED21B6DA7E00813479 /* Sources */ = {
			isa = PBXSourcesBuildPhase;
			buildActionMask = 2147483647;
			files = (
				436B18512E2FE0AB000CC617 /* LocalFeedImageDataLoader.swift in Sources */,
				433AF14B2DF595D200F06215 /* CoreDataHelpers.swift in Sources */,
				43AE88572DCAFC5000090B14 /* FeedItemsMapper.swift in Sources */,
				080EDF0E21B6DCB600813479 /* FeedLoader.swift in Sources */,
				43F57C602DE376D000789CC7 /* RemoteFeedItem.swift in Sources */,
				43B5C5B62E2CAF66002C5B82 /* FeedImageViewModel.swift in Sources */,
				433CE1972E78460C00274628 /* RemoteImageCommentsLoader.swift in Sources */,
				43BCC7E52DE887A70059AB3D /* FeedCachePolicy.swift in Sources */,
				43B5C6662E2E7964002C5B82 /* RemoteFeedImageDataLoader.swift in Sources */,
				431F6B6F2DC3DF8F00142A0A /* RemoteFeedLoader.swift in Sources */,
				43BCC8082DF42AC40059AB3D /* FeedStore.xcdatamodeld in Sources */,
				43C26F312E334671001E1191 /* CoreDataFeedStore+FeedStore.swift in Sources */,
				43C26F2E2E3294E9001E1191 /* CoreDataFeedStore+FeedImageDataStore.swift in Sources */,
				43F57C622DE3774400789CC7 /* LocalFeedImage.swift in Sources */,
				43F57C5A2DE31A8400789CC7 /* FeedStore.swift in Sources */,
				43ABDC982E2A68FF0049ACDB /* FeedErrorViewModel.swift in Sources */,
				433CE1992E78492C00274628 /* ImageCommentsMapper.swift in Sources */,
				43ABDC9C2E2A692E0049ACDB /* FeedViewModel.swift in Sources */,
				43F57C582DE319D400789CC7 /* LocalFeedLoader.swift in Sources */,
				43F8F4CC2E41FD5800C95815 /* FeedImageDataCache.swift in Sources */,
				43AE88532DCAFA5700090B14 /* HTTPClient.swift in Sources */,
				436B18552E2FE165000CC617 /* FeedImageDataStore.swift in Sources */,
				080EDF0C21B6DAE800813479 /* FeedImage.swift in Sources */,
				43ABDC952E2A250D0049ACDB /* FeedPresenter.swift in Sources */,
				43B5C6692E2E9CDE002C5B82 /* HTTPURLResponse+StatusCode.swift in Sources */,
				43619FBA2DD233D300DE5B8D /* URLSessionHTTPClient.swift in Sources */,
				433AF14D2DF5966900F06215 /* ManagedCache.swift in Sources */,
				43BCC8052DF35AD80059AB3D /* CoreDataFeedStore.swift in Sources */,
				43B5C65D2E2CCCD2002C5B82 /* FeedImageDataLoader.swift in Sources */,
				43ABDC9A2E2A69170049ACDB /* FeedLoadingViewModel.swift in Sources */,
				43B5C5632E2CAD09002C5B82 /* FeedImagePresenter.swift in Sources */,
				43ABB5C12E40F92500AD8FB5 /* FeedCache.swift in Sources */,
				433AF14F2DF596A000F06215 /* ManagedFeedImage.swift in Sources */,
			);
			runOnlyForDeploymentPostprocessing = 0;
		};
		080EDEF621B6DA7E00813479 /* Sources */ = {
			isa = PBXSourcesBuildPhase;
			buildActionMask = 2147483647;
			files = (
				43C4F40E2DE816AD0084042A /* FeedCacheTestHelpers.swift in Sources */,
				43B5C6722E2E9DCA002C5B82 /* URLProtocolStub.swift in Sources */,
				43C4F40C2DE7750C0084042A /* ValidateFeedCacheUseCaseTests.swift in Sources */,
				43B5C65F2E2CCEE5002C5B82 /* LoadFeedImageDataFromRemoteUseCaseTests.swift in Sources */,
				431F6B6C2DC38CD700142A0A /* LoadFeedFromRemoteUseCaseTests.swift in Sources */,
				43C4F4102DE817BF0084042A /* ShareTestHelpers.swift in Sources */,
				43AE885A2DCC6FC900090B14 /* URLSessionHTTPClientTests.swift in Sources */,
				43B5C6622E2E78D4002C5B82 /* HTTPClientSpy.swift in Sources */,
				436B185C2E30E99E000CC617 /* CacheFeedImageDataUseCaseTests.swift in Sources */,
				437773EB2DE5654300C05D86 /* FeedStoreSpy.swift in Sources */,
				433CE1952E78454C00274628 /* LoadImageCommentsFromRemoteUseCaseTests.swift in Sources */,
				4336DE282DDE2C77006FA07D /* CacheFeedUseCaseTests.swift in Sources */,
				43B5C7092E2F8D7E002C5B82 /* LoadFeedImageDataFromCacheUseCaseTests.swift in Sources */,
				43F543AF2DF6B1A80033CEC4 /* XCTestCase+FailableInsertFeedStoreSpecs.swift in Sources */,
				43F543B02DF6B1A80033CEC4 /* XCTestCase+FailableRetrieveFeedStoreSpecs.swift in Sources */,
				43C26F292E324B33001E1191 /* CoreDataFeedImageDataStoreTests.swift in Sources */,
				43F543B12DF6B1A80033CEC4 /* XCTestCase+FeedStoreSpecs.swift in Sources */,
				436B185A2E30E888000CC617 /* FeedImageDataStoreSpy.swift in Sources */,
				43F543B22DF6B1A80033CEC4 /* XCTestCase+FailableDeleteFeedStoreSpecs.swift in Sources */,
				43F543B32DF6B1A80033CEC4 /* FeedStoreSpecs.swift in Sources */,
				43CF6D602DE5640100307F04 /* LoadFeedFromCacheUseCaseTests.swift in Sources */,
				43619FB82DCF2C5700DE5B8D /* XCTestCase+MemoryLeakTracking.swift in Sources */,
				43BCC8032DF327B50059AB3D /* CoreDataFeedStoreTests.swift in Sources */,
			);
			runOnlyForDeploymentPostprocessing = 0;
		};
		433AF1792DF5FF3E00F06215 /* Sources */ = {
			isa = PBXSourcesBuildPhase;
			buildActionMask = 2147483647;
			files = (
				433AF1902DF6AC0700F06215 /* FeedCacheTestHelpers.swift in Sources */,
				43B5C6732E2E9DCA002C5B82 /* URLProtocolStub.swift in Sources */,
				433AF18B2DF6047500F06215 /* XCTestCase+MemoryLeakTracking.swift in Sources */,
				433AF1912DF6AC1300F06215 /* ShareTestHelpers.swift in Sources */,
				436B18582E30E888000CC617 /* FeedImageDataStoreSpy.swift in Sources */,
				43B5C6612E2E78D4002C5B82 /* HTTPClientSpy.swift in Sources */,
			);
			runOnlyForDeploymentPostprocessing = 0;
		};
		43619FBB2DD23FE500DE5B8D /* Sources */ = {
			isa = PBXSourcesBuildPhase;
			buildActionMask = 2147483647;
			files = (
				43C4F4112DE817BF0084042A /* ShareTestHelpers.swift in Sources */,
				43B5C6642E2E78D4002C5B82 /* HTTPClientSpy.swift in Sources */,
				43619FC92DD66D1500DE5B8D /* XCTestCase+MemoryLeakTracking.swift in Sources */,
				436B18592E30E888000CC617 /* FeedImageDataStoreSpy.swift in Sources */,
				43B5C6712E2E9DCA002C5B82 /* URLProtocolStub.swift in Sources */,
			);
			runOnlyForDeploymentPostprocessing = 0;
		};
		437B45D92DFEBAC000A28B72 /* Sources */ = {
			isa = PBXSourcesBuildPhase;
			buildActionMask = 2147483647;
			files = (
			);
			runOnlyForDeploymentPostprocessing = 0;
		};
		437B45E32DFEBAC100A28B72 /* Sources */ = {
			isa = PBXSourcesBuildPhase;
			buildActionMask = 2147483647;
			files = (
				43194E082E13A031003D6201 /* XCTestCase+MemoryLeakTracking.swift in Sources */,
				43B5C6632E2E78D4002C5B82 /* HTTPClientSpy.swift in Sources */,
				43B5C6702E2E9DCA002C5B82 /* URLProtocolStub.swift in Sources */,
				436B18572E30E888000CC617 /* FeedImageDataStoreSpy.swift in Sources */,
			);
			runOnlyForDeploymentPostprocessing = 0;
		};
/* End PBXSourcesBuildPhase section */

/* Begin PBXTargetDependency section */
		080EDEFD21B6DA7E00813479 /* PBXTargetDependency */ = {
			isa = PBXTargetDependency;
			target = 080EDEF021B6DA7E00813479 /* EssentialFeed */;
			targetProxy = 080EDEFC21B6DA7E00813479 /* PBXContainerItemProxy */;
		};
		43194E052E139E34003D6201 /* PBXTargetDependency */ = {
			isa = PBXTargetDependency;
			platformFilter = ios;
			target = 080EDEF021B6DA7E00813479 /* EssentialFeed */;
			targetProxy = 43194E042E139E34003D6201 /* PBXContainerItemProxy */;
		};
		433AF1832DF5FF3E00F06215 /* PBXTargetDependency */ = {
			isa = PBXTargetDependency;
			target = 080EDEF021B6DA7E00813479 /* EssentialFeed */;
			targetProxy = 433AF1822DF5FF3E00F06215 /* PBXContainerItemProxy */;
		};
		43619FC52DD23FE600DE5B8D /* PBXTargetDependency */ = {
			isa = PBXTargetDependency;
			target = 080EDEF021B6DA7E00813479 /* EssentialFeed */;
			targetProxy = 43619FC42DD23FE600DE5B8D /* PBXContainerItemProxy */;
		};
		437B45EA2DFEBAC100A28B72 /* PBXTargetDependency */ = {
			isa = PBXTargetDependency;
			target = 437B45DC2DFEBAC000A28B72 /* EssentialFeediOS */;
			targetProxy = 437B45E92DFEBAC100A28B72 /* PBXContainerItemProxy */;
		};
/* End PBXTargetDependency section */

/* Begin PBXVariantGroup section */
		43ABDC8E2E2A1F8B0049ACDB /* Feed.strings */ = {
			isa = PBXVariantGroup;
			children = (
				43ABDC8F2E2A1F8B0049ACDB /* en */,
				43ABDC912E2A1F930049ACDB /* el */,
				43ABDC922E2A1F950049ACDB /* pt-BR */,
			);
			name = Feed.strings;
			sourceTree = "<group>";
		};
/* End PBXVariantGroup section */

/* Begin XCBuildConfiguration section */
		080EDF0321B6DA7E00813479 /* Debug */ = {
			isa = XCBuildConfiguration;
			buildSettings = {
				ALWAYS_SEARCH_USER_PATHS = NO;
				ASSETCATALOG_COMPILER_GENERATE_SWIFT_ASSET_SYMBOL_EXTENSIONS = YES;
				CLANG_ANALYZER_LOCALIZABILITY_NONLOCALIZED = YES;
				CLANG_ANALYZER_NONNULL = YES;
				CLANG_ANALYZER_NUMBER_OBJECT_CONVERSION = YES_AGGRESSIVE;
				CLANG_CXX_LANGUAGE_STANDARD = "gnu++14";
				CLANG_CXX_LIBRARY = "libc++";
				CLANG_ENABLE_MODULES = YES;
				CLANG_ENABLE_OBJC_ARC = YES;
				CLANG_ENABLE_OBJC_WEAK = YES;
				CLANG_WARN_BLOCK_CAPTURE_AUTORELEASING = YES;
				CLANG_WARN_BOOL_CONVERSION = YES;
				CLANG_WARN_COMMA = YES;
				CLANG_WARN_CONSTANT_CONVERSION = YES;
				CLANG_WARN_DEPRECATED_OBJC_IMPLEMENTATIONS = YES;
				CLANG_WARN_DIRECT_OBJC_ISA_USAGE = YES_ERROR;
				CLANG_WARN_DOCUMENTATION_COMMENTS = YES;
				CLANG_WARN_EMPTY_BODY = YES;
				CLANG_WARN_ENUM_CONVERSION = YES;
				CLANG_WARN_INFINITE_RECURSION = YES;
				CLANG_WARN_INT_CONVERSION = YES;
				CLANG_WARN_NON_LITERAL_NULL_CONVERSION = YES;
				CLANG_WARN_OBJC_IMPLICIT_RETAIN_SELF = YES;
				CLANG_WARN_OBJC_LITERAL_CONVERSION = YES;
				CLANG_WARN_OBJC_ROOT_CLASS = YES_ERROR;
				CLANG_WARN_QUOTED_INCLUDE_IN_FRAMEWORK_HEADER = YES;
				CLANG_WARN_RANGE_LOOP_ANALYSIS = YES;
				CLANG_WARN_STRICT_PROTOTYPES = YES;
				CLANG_WARN_SUSPICIOUS_MOVE = YES;
				CLANG_WARN_UNGUARDED_AVAILABILITY = YES_AGGRESSIVE;
				CLANG_WARN_UNREACHABLE_CODE = YES;
				CLANG_WARN__DUPLICATE_METHOD_MATCH = YES;
				CODE_SIGN_IDENTITY = "Mac Developer";
				COPY_PHASE_STRIP = NO;
				CURRENT_PROJECT_VERSION = 1;
				DEAD_CODE_STRIPPING = YES;
				DEBUG_INFORMATION_FORMAT = dwarf;
				ENABLE_STRICT_OBJC_MSGSEND = YES;
				ENABLE_TESTABILITY = YES;
				ENABLE_USER_SCRIPT_SANDBOXING = YES;
				GCC_C_LANGUAGE_STANDARD = gnu11;
				GCC_DYNAMIC_NO_PIC = NO;
				GCC_NO_COMMON_BLOCKS = YES;
				GCC_OPTIMIZATION_LEVEL = 0;
				GCC_PREPROCESSOR_DEFINITIONS = (
					"DEBUG=1",
					"$(inherited)",
				);
				GCC_WARN_64_TO_32_BIT_CONVERSION = YES;
				GCC_WARN_ABOUT_RETURN_TYPE = YES_ERROR;
				GCC_WARN_UNDECLARED_SELECTOR = YES;
				GCC_WARN_UNINITIALIZED_AUTOS = YES_AGGRESSIVE;
				GCC_WARN_UNUSED_FUNCTION = YES;
				GCC_WARN_UNUSED_VARIABLE = YES;
				MACOSX_DEPLOYMENT_TARGET = 14.0;
				MTL_ENABLE_DEBUG_INFO = INCLUDE_SOURCE;
				MTL_FAST_MATH = YES;
				ONLY_ACTIVE_ARCH = YES;
				SDKROOT = macosx;
				SWIFT_ACTIVE_COMPILATION_CONDITIONS = DEBUG;
				SWIFT_OPTIMIZATION_LEVEL = "-Onone";
				SWIFT_STRICT_CONCURRENCY = minimal;
				SWIFT_VERSION = 5.0;
				VERSIONING_SYSTEM = "apple-generic";
				VERSION_INFO_PREFIX = "";
			};
			name = Debug;
		};
		080EDF0421B6DA7E00813479 /* Release */ = {
			isa = XCBuildConfiguration;
			buildSettings = {
				ALWAYS_SEARCH_USER_PATHS = NO;
				ASSETCATALOG_COMPILER_GENERATE_SWIFT_ASSET_SYMBOL_EXTENSIONS = YES;
				CLANG_ANALYZER_LOCALIZABILITY_NONLOCALIZED = YES;
				CLANG_ANALYZER_NONNULL = YES;
				CLANG_ANALYZER_NUMBER_OBJECT_CONVERSION = YES_AGGRESSIVE;
				CLANG_CXX_LANGUAGE_STANDARD = "gnu++14";
				CLANG_CXX_LIBRARY = "libc++";
				CLANG_ENABLE_MODULES = YES;
				CLANG_ENABLE_OBJC_ARC = YES;
				CLANG_ENABLE_OBJC_WEAK = YES;
				CLANG_WARN_BLOCK_CAPTURE_AUTORELEASING = YES;
				CLANG_WARN_BOOL_CONVERSION = YES;
				CLANG_WARN_COMMA = YES;
				CLANG_WARN_CONSTANT_CONVERSION = YES;
				CLANG_WARN_DEPRECATED_OBJC_IMPLEMENTATIONS = YES;
				CLANG_WARN_DIRECT_OBJC_ISA_USAGE = YES_ERROR;
				CLANG_WARN_DOCUMENTATION_COMMENTS = YES;
				CLANG_WARN_EMPTY_BODY = YES;
				CLANG_WARN_ENUM_CONVERSION = YES;
				CLANG_WARN_INFINITE_RECURSION = YES;
				CLANG_WARN_INT_CONVERSION = YES;
				CLANG_WARN_NON_LITERAL_NULL_CONVERSION = YES;
				CLANG_WARN_OBJC_IMPLICIT_RETAIN_SELF = YES;
				CLANG_WARN_OBJC_LITERAL_CONVERSION = YES;
				CLANG_WARN_OBJC_ROOT_CLASS = YES_ERROR;
				CLANG_WARN_QUOTED_INCLUDE_IN_FRAMEWORK_HEADER = YES;
				CLANG_WARN_RANGE_LOOP_ANALYSIS = YES;
				CLANG_WARN_STRICT_PROTOTYPES = YES;
				CLANG_WARN_SUSPICIOUS_MOVE = YES;
				CLANG_WARN_UNGUARDED_AVAILABILITY = YES_AGGRESSIVE;
				CLANG_WARN_UNREACHABLE_CODE = YES;
				CLANG_WARN__DUPLICATE_METHOD_MATCH = YES;
				CODE_SIGN_IDENTITY = "Mac Developer";
				COPY_PHASE_STRIP = NO;
				CURRENT_PROJECT_VERSION = 1;
				DEAD_CODE_STRIPPING = YES;
				DEBUG_INFORMATION_FORMAT = "dwarf-with-dsym";
				ENABLE_NS_ASSERTIONS = NO;
				ENABLE_STRICT_OBJC_MSGSEND = YES;
				ENABLE_USER_SCRIPT_SANDBOXING = YES;
				GCC_C_LANGUAGE_STANDARD = gnu11;
				GCC_NO_COMMON_BLOCKS = YES;
				GCC_WARN_64_TO_32_BIT_CONVERSION = YES;
				GCC_WARN_ABOUT_RETURN_TYPE = YES_ERROR;
				GCC_WARN_UNDECLARED_SELECTOR = YES;
				GCC_WARN_UNINITIALIZED_AUTOS = YES_AGGRESSIVE;
				GCC_WARN_UNUSED_FUNCTION = YES;
				GCC_WARN_UNUSED_VARIABLE = YES;
				MACOSX_DEPLOYMENT_TARGET = 14.0;
				MTL_ENABLE_DEBUG_INFO = NO;
				MTL_FAST_MATH = YES;
				SDKROOT = macosx;
				SWIFT_COMPILATION_MODE = wholemodule;
				SWIFT_OPTIMIZATION_LEVEL = "-O";
				SWIFT_STRICT_CONCURRENCY = minimal;
				SWIFT_VERSION = 5.0;
				VERSIONING_SYSTEM = "apple-generic";
				VERSION_INFO_PREFIX = "";
			};
			name = Release;
		};
		080EDF0621B6DA7E00813479 /* Debug */ = {
			isa = XCBuildConfiguration;
			buildSettings = {
				CLANG_ENABLE_MODULES = YES;
				CODE_SIGN_IDENTITY = "";
				CODE_SIGN_STYLE = Automatic;
				COMBINE_HIDPI_IMAGES = YES;
				DEAD_CODE_STRIPPING = YES;
				DEFINES_MODULE = YES;
				DEVELOPMENT_TEAM = "";
				DYLIB_COMPATIBILITY_VERSION = 1;
				DYLIB_CURRENT_VERSION = 1;
				DYLIB_INSTALL_NAME_BASE = "@rpath";
				ENABLE_MODULE_VERIFIER = YES;
				FRAMEWORK_VERSION = A;
				INFOPLIST_FILE = EssentialFeed/Info.plist;
				INSTALL_PATH = "$(LOCAL_LIBRARY_DIR)/Frameworks";
				LD_RUNPATH_SEARCH_PATHS = (
					"$(inherited)",
					"@executable_path/../Frameworks",
					"@loader_path/Frameworks",
				);
				MODULE_VERIFIER_SUPPORTED_LANGUAGE_STANDARDS = "gnu11 gnu++14";
				PRODUCT_BUNDLE_IDENTIFIER = com.essentialdeveloper.EssentialFeed;
				PRODUCT_NAME = "$(TARGET_NAME:c99extidentifier)";
				SKIP_INSTALL = YES;
				SUPPORTED_PLATFORMS = "macosx iphoneos iphonesimulator";
				SWIFT_OPTIMIZATION_LEVEL = "-Onone";
			};
			name = Debug;
		};
		080EDF0721B6DA7E00813479 /* Release */ = {
			isa = XCBuildConfiguration;
			buildSettings = {
				CLANG_ENABLE_MODULES = YES;
				CODE_SIGN_IDENTITY = "";
				CODE_SIGN_STYLE = Automatic;
				COMBINE_HIDPI_IMAGES = YES;
				DEAD_CODE_STRIPPING = YES;
				DEFINES_MODULE = YES;
				DEVELOPMENT_TEAM = "";
				DYLIB_COMPATIBILITY_VERSION = 1;
				DYLIB_CURRENT_VERSION = 1;
				DYLIB_INSTALL_NAME_BASE = "@rpath";
				ENABLE_MODULE_VERIFIER = YES;
				FRAMEWORK_VERSION = A;
				INFOPLIST_FILE = EssentialFeed/Info.plist;
				INSTALL_PATH = "$(LOCAL_LIBRARY_DIR)/Frameworks";
				LD_RUNPATH_SEARCH_PATHS = (
					"$(inherited)",
					"@executable_path/../Frameworks",
					"@loader_path/Frameworks",
				);
				MODULE_VERIFIER_SUPPORTED_LANGUAGE_STANDARDS = "gnu11 gnu++14";
				PRODUCT_BUNDLE_IDENTIFIER = com.essentialdeveloper.EssentialFeed;
				PRODUCT_NAME = "$(TARGET_NAME:c99extidentifier)";
				SKIP_INSTALL = YES;
				SUPPORTED_PLATFORMS = "macosx iphoneos iphonesimulator";
			};
			name = Release;
		};
		080EDF0921B6DA7E00813479 /* Debug */ = {
			isa = XCBuildConfiguration;
			buildSettings = {
				CLANG_ENABLE_MODULES = YES;
				"CODE_SIGN_IDENTITY[sdk=macosx*]" = "-";
				CODE_SIGN_STYLE = Automatic;
				COMBINE_HIDPI_IMAGES = YES;
				DEAD_CODE_STRIPPING = YES;
				DEVELOPMENT_TEAM = "";
				INFOPLIST_FILE = EssentialFeedTests/Info.plist;
				LD_RUNPATH_SEARCH_PATHS = (
					"$(inherited)",
					"@executable_path/../Frameworks",
					"@loader_path/../Frameworks",
				);
				PRODUCT_BUNDLE_IDENTIFIER = com.essentialdeveloper.EssentialFeedTests;
				PRODUCT_NAME = "$(TARGET_NAME)";
				SUPPORTED_PLATFORMS = "macosx iphoneos iphonesimulator";
				SWIFT_OPTIMIZATION_LEVEL = "-Onone";
				SWIFT_VERSION = 5.0;
			};
			name = Debug;
		};
		080EDF0A21B6DA7E00813479 /* Release */ = {
			isa = XCBuildConfiguration;
			buildSettings = {
				CLANG_ENABLE_MODULES = YES;
				"CODE_SIGN_IDENTITY[sdk=macosx*]" = "-";
				CODE_SIGN_STYLE = Automatic;
				COMBINE_HIDPI_IMAGES = YES;
				DEAD_CODE_STRIPPING = YES;
				DEVELOPMENT_TEAM = "";
				INFOPLIST_FILE = EssentialFeedTests/Info.plist;
				LD_RUNPATH_SEARCH_PATHS = (
					"$(inherited)",
					"@executable_path/../Frameworks",
					"@loader_path/../Frameworks",
				);
				PRODUCT_BUNDLE_IDENTIFIER = com.essentialdeveloper.EssentialFeedTests;
				PRODUCT_NAME = "$(TARGET_NAME)";
				SUPPORTED_PLATFORMS = "macosx iphoneos iphonesimulator";
				SWIFT_VERSION = 5.0;
			};
			name = Release;
		};
		433AF1842DF5FF3E00F06215 /* Debug */ = {
			isa = XCBuildConfiguration;
			buildSettings = {
				CLANG_CXX_LANGUAGE_STANDARD = "gnu++20";
				"CODE_SIGN_IDENTITY[sdk=macosx*]" = "-";
				CODE_SIGN_STYLE = Automatic;
				CURRENT_PROJECT_VERSION = 1;
				GCC_C_LANGUAGE_STANDARD = gnu17;
				GENERATE_INFOPLIST_FILE = YES;
				LOCALIZATION_PREFERS_STRING_CATALOGS = YES;
				MACOSX_DEPLOYMENT_TARGET = 15.4;
				MARKETING_VERSION = 1.0;
				PRODUCT_BUNDLE_IDENTIFIER = com.service.EssentialFeedCacheIntegrationTests;
				PRODUCT_NAME = "$(TARGET_NAME)";
				SUPPORTED_PLATFORMS = "macosx iphoneos iphonesimulator";
				SWIFT_ACTIVE_COMPILATION_CONDITIONS = "DEBUG $(inherited)";
				SWIFT_EMIT_LOC_STRINGS = NO;
				SWIFT_VERSION = 5.0;
			};
			name = Debug;
		};
		433AF1852DF5FF3E00F06215 /* Release */ = {
			isa = XCBuildConfiguration;
			buildSettings = {
				CLANG_CXX_LANGUAGE_STANDARD = "gnu++20";
				"CODE_SIGN_IDENTITY[sdk=macosx*]" = "-";
				CODE_SIGN_STYLE = Automatic;
				CURRENT_PROJECT_VERSION = 1;
				GCC_C_LANGUAGE_STANDARD = gnu17;
				GENERATE_INFOPLIST_FILE = YES;
				LOCALIZATION_PREFERS_STRING_CATALOGS = YES;
				MACOSX_DEPLOYMENT_TARGET = 15.4;
				MARKETING_VERSION = 1.0;
				PRODUCT_BUNDLE_IDENTIFIER = com.service.EssentialFeedCacheIntegrationTests;
				PRODUCT_NAME = "$(TARGET_NAME)";
				SUPPORTED_PLATFORMS = "macosx iphoneos iphonesimulator";
				SWIFT_EMIT_LOC_STRINGS = NO;
				SWIFT_VERSION = 5.0;
			};
			name = Release;
		};
		43619FC72DD23FE600DE5B8D /* Debug */ = {
			isa = XCBuildConfiguration;
			buildSettings = {
				CLANG_CXX_LANGUAGE_STANDARD = "gnu++20";
				"CODE_SIGN_IDENTITY[sdk=macosx*]" = "-";
				CODE_SIGN_STYLE = Automatic;
				CURRENT_PROJECT_VERSION = 1;
				GCC_C_LANGUAGE_STANDARD = gnu17;
				GENERATE_INFOPLIST_FILE = YES;
				LOCALIZATION_PREFERS_STRING_CATALOGS = YES;
				MACOSX_DEPLOYMENT_TARGET = 15.4;
				MARKETING_VERSION = 1.0;
				PRODUCT_BUNDLE_IDENTIFIER = com.service.EssentialFeedAPIEndToEndTests;
				PRODUCT_NAME = "$(TARGET_NAME)";
				SUPPORTED_PLATFORMS = "macosx iphoneos iphonesimulator";
				SWIFT_ACTIVE_COMPILATION_CONDITIONS = "DEBUG $(inherited)";
				SWIFT_EMIT_LOC_STRINGS = NO;
				SWIFT_VERSION = 5.0;
			};
			name = Debug;
		};
		43619FC82DD23FE600DE5B8D /* Release */ = {
			isa = XCBuildConfiguration;
			buildSettings = {
				CLANG_CXX_LANGUAGE_STANDARD = "gnu++20";
				"CODE_SIGN_IDENTITY[sdk=macosx*]" = "-";
				CODE_SIGN_STYLE = Automatic;
				CURRENT_PROJECT_VERSION = 1;
				GCC_C_LANGUAGE_STANDARD = gnu17;
				GENERATE_INFOPLIST_FILE = YES;
				LOCALIZATION_PREFERS_STRING_CATALOGS = YES;
				MACOSX_DEPLOYMENT_TARGET = 15.4;
				MARKETING_VERSION = 1.0;
				PRODUCT_BUNDLE_IDENTIFIER = com.service.EssentialFeedAPIEndToEndTests;
				PRODUCT_NAME = "$(TARGET_NAME)";
				SUPPORTED_PLATFORMS = "macosx iphoneos iphonesimulator";
				SWIFT_EMIT_LOC_STRINGS = NO;
				SWIFT_VERSION = 5.0;
			};
			name = Release;
		};
		437B45EE2DFEBAC100A28B72 /* Debug */ = {
			isa = XCBuildConfiguration;
			buildSettings = {
				BUILD_LIBRARY_FOR_DISTRIBUTION = NO;
				CLANG_CXX_LANGUAGE_STANDARD = "gnu++20";
				CODE_SIGN_IDENTITY = "Apple Development";
				CODE_SIGN_STYLE = Automatic;
				CURRENT_PROJECT_VERSION = 1;
				DEVELOPMENT_TEAM = "";
				DYLIB_COMPATIBILITY_VERSION = 1;
				DYLIB_CURRENT_VERSION = 1;
				DYLIB_INSTALL_NAME_BASE = "@rpath";
				ENABLE_MODULE_VERIFIER = YES;
				GCC_C_LANGUAGE_STANDARD = gnu17;
				GENERATE_INFOPLIST_FILE = YES;
				INFOPLIST_KEY_NSHumanReadableCopyright = "";
				INSTALL_PATH = "$(LOCAL_LIBRARY_DIR)/Frameworks";
				IPHONEOS_DEPLOYMENT_TARGET = 18.4;
				LD_RUNPATH_SEARCH_PATHS = (
					"$(inherited)",
					"@executable_path/Frameworks",
					"@loader_path/Frameworks",
				);
				LOCALIZATION_PREFERS_STRING_CATALOGS = YES;
				MARKETING_VERSION = 1.0;
				MODULE_VERIFIER_SUPPORTED_LANGUAGES = "objective-c objective-c++";
				MODULE_VERIFIER_SUPPORTED_LANGUAGE_STANDARDS = "gnu17 gnu++20";
				PRODUCT_BUNDLE_IDENTIFIER = com.service.EssentialFeediOS;
				PRODUCT_NAME = "$(TARGET_NAME:c99extidentifier)";
				PROVISIONING_PROFILE_SPECIFIER = "";
				SDKROOT = iphoneos;
				SKIP_INSTALL = YES;
				SWIFT_ACTIVE_COMPILATION_CONDITIONS = "DEBUG $(inherited)";
				SWIFT_EMIT_LOC_STRINGS = YES;
				SWIFT_INSTALL_MODULE = YES;
				SWIFT_INSTALL_OBJC_HEADER = NO;
				SWIFT_VERSION = 5.0;
				TARGETED_DEVICE_FAMILY = "1,2";
			};
			name = Debug;
		};
		437B45EF2DFEBAC100A28B72 /* Release */ = {
			isa = XCBuildConfiguration;
			buildSettings = {
				BUILD_LIBRARY_FOR_DISTRIBUTION = NO;
				CLANG_CXX_LANGUAGE_STANDARD = "gnu++20";
				CODE_SIGN_IDENTITY = "Apple Development";
				CODE_SIGN_STYLE = Automatic;
				CURRENT_PROJECT_VERSION = 1;
				DEVELOPMENT_TEAM = "";
				DYLIB_COMPATIBILITY_VERSION = 1;
				DYLIB_CURRENT_VERSION = 1;
				DYLIB_INSTALL_NAME_BASE = "@rpath";
				ENABLE_MODULE_VERIFIER = YES;
				GCC_C_LANGUAGE_STANDARD = gnu17;
				GENERATE_INFOPLIST_FILE = YES;
				INFOPLIST_KEY_NSHumanReadableCopyright = "";
				INSTALL_PATH = "$(LOCAL_LIBRARY_DIR)/Frameworks";
				IPHONEOS_DEPLOYMENT_TARGET = 18.4;
				LD_RUNPATH_SEARCH_PATHS = (
					"$(inherited)",
					"@executable_path/Frameworks",
					"@loader_path/Frameworks",
				);
				LOCALIZATION_PREFERS_STRING_CATALOGS = YES;
				MARKETING_VERSION = 1.0;
				MODULE_VERIFIER_SUPPORTED_LANGUAGES = "objective-c objective-c++";
				MODULE_VERIFIER_SUPPORTED_LANGUAGE_STANDARDS = "gnu17 gnu++20";
				PRODUCT_BUNDLE_IDENTIFIER = com.service.EssentialFeediOS;
				PRODUCT_NAME = "$(TARGET_NAME:c99extidentifier)";
				PROVISIONING_PROFILE_SPECIFIER = "";
				SDKROOT = iphoneos;
				SKIP_INSTALL = YES;
				SWIFT_EMIT_LOC_STRINGS = YES;
				SWIFT_INSTALL_MODULE = YES;
				SWIFT_INSTALL_OBJC_HEADER = NO;
				SWIFT_VERSION = 5.0;
				TARGETED_DEVICE_FAMILY = "1,2";
				VALIDATE_PRODUCT = YES;
			};
			name = Release;
		};
		437B45F02DFEBAC100A28B72 /* Debug */ = {
			isa = XCBuildConfiguration;
			buildSettings = {
				CLANG_CXX_LANGUAGE_STANDARD = "gnu++20";
				CLANG_ENABLE_MODULES = YES;
				"CODE_SIGN_IDENTITY[sdk=macosx*]" = "-";
				CODE_SIGN_STYLE = Automatic;
				CURRENT_PROJECT_VERSION = 1;
				GCC_C_LANGUAGE_STANDARD = gnu17;
				GENERATE_INFOPLIST_FILE = YES;
				IPHONEOS_DEPLOYMENT_TARGET = 18.4;
				LOCALIZATION_PREFERS_STRING_CATALOGS = YES;
				MARKETING_VERSION = 1.0;
				PRODUCT_BUNDLE_IDENTIFIER = com.service.EssentialFeediOSTests;
				PRODUCT_NAME = "$(TARGET_NAME)";
				SDKROOT = iphoneos;
				SWIFT_ACTIVE_COMPILATION_CONDITIONS = "DEBUG $(inherited)";
				SWIFT_EMIT_LOC_STRINGS = NO;
				SWIFT_OPTIMIZATION_LEVEL = "-Onone";
				SWIFT_VERSION = 5.0;
				TARGETED_DEVICE_FAMILY = "1,2";
			};
			name = Debug;
		};
		437B45F12DFEBAC100A28B72 /* Release */ = {
			isa = XCBuildConfiguration;
			buildSettings = {
				CLANG_CXX_LANGUAGE_STANDARD = "gnu++20";
				CLANG_ENABLE_MODULES = YES;
				"CODE_SIGN_IDENTITY[sdk=macosx*]" = "-";
				CODE_SIGN_STYLE = Automatic;
				CURRENT_PROJECT_VERSION = 1;
				GCC_C_LANGUAGE_STANDARD = gnu17;
				GENERATE_INFOPLIST_FILE = YES;
				IPHONEOS_DEPLOYMENT_TARGET = 18.4;
				LOCALIZATION_PREFERS_STRING_CATALOGS = YES;
				MARKETING_VERSION = 1.0;
				PRODUCT_BUNDLE_IDENTIFIER = com.service.EssentialFeediOSTests;
				PRODUCT_NAME = "$(TARGET_NAME)";
				SDKROOT = iphoneos;
				SWIFT_EMIT_LOC_STRINGS = NO;
				SWIFT_VERSION = 5.0;
				TARGETED_DEVICE_FAMILY = "1,2";
				VALIDATE_PRODUCT = YES;
			};
			name = Release;
		};
/* End XCBuildConfiguration section */

/* Begin XCConfigurationList section */
		080EDEEB21B6DA7E00813479 /* Build configuration list for PBXProject "EssentialFeed" */ = {
			isa = XCConfigurationList;
			buildConfigurations = (
				080EDF0321B6DA7E00813479 /* Debug */,
				080EDF0421B6DA7E00813479 /* Release */,
			);
			defaultConfigurationIsVisible = 0;
			defaultConfigurationName = Release;
		};
		080EDF0521B6DA7E00813479 /* Build configuration list for PBXNativeTarget "EssentialFeed" */ = {
			isa = XCConfigurationList;
			buildConfigurations = (
				080EDF0621B6DA7E00813479 /* Debug */,
				080EDF0721B6DA7E00813479 /* Release */,
			);
			defaultConfigurationIsVisible = 0;
			defaultConfigurationName = Release;
		};
		080EDF0821B6DA7E00813479 /* Build configuration list for PBXNativeTarget "EssentialFeedTests" */ = {
			isa = XCConfigurationList;
			buildConfigurations = (
				080EDF0921B6DA7E00813479 /* Debug */,
				080EDF0A21B6DA7E00813479 /* Release */,
			);
			defaultConfigurationIsVisible = 0;
			defaultConfigurationName = Release;
		};
		433AF1862DF5FF3E00F06215 /* Build configuration list for PBXNativeTarget "EssentialFeedCacheIntegrationTests" */ = {
			isa = XCConfigurationList;
			buildConfigurations = (
				433AF1842DF5FF3E00F06215 /* Debug */,
				433AF1852DF5FF3E00F06215 /* Release */,
			);
			defaultConfigurationIsVisible = 0;
			defaultConfigurationName = Release;
		};
		43619FC62DD23FE600DE5B8D /* Build configuration list for PBXNativeTarget "EssentialFeedAPIEndToEndTests" */ = {
			isa = XCConfigurationList;
			buildConfigurations = (
				43619FC72DD23FE600DE5B8D /* Debug */,
				43619FC82DD23FE600DE5B8D /* Release */,
			);
			defaultConfigurationIsVisible = 0;
			defaultConfigurationName = Release;
		};
		437B45F22DFEBAC100A28B72 /* Build configuration list for PBXNativeTarget "EssentialFeediOS" */ = {
			isa = XCConfigurationList;
			buildConfigurations = (
				437B45EE2DFEBAC100A28B72 /* Debug */,
				437B45EF2DFEBAC100A28B72 /* Release */,
			);
			defaultConfigurationIsVisible = 0;
			defaultConfigurationName = Release;
		};
		437B45F32DFEBAC100A28B72 /* Build configuration list for PBXNativeTarget "EssentialFeediOSTests" */ = {
			isa = XCConfigurationList;
			buildConfigurations = (
				437B45F02DFEBAC100A28B72 /* Debug */,
				437B45F12DFEBAC100A28B72 /* Release */,
			);
			defaultConfigurationIsVisible = 0;
			defaultConfigurationName = Release;
		};
/* End XCConfigurationList section */

/* Begin XCVersionGroup section */
		43BCC8062DF42AC40059AB3D /* FeedStore.xcdatamodeld */ = {
			isa = XCVersionGroup;
			children = (
				43C26F2C2E325EFC001E1191 /* FeedStore2.xcdatamodel */,
				43BCC8072DF42AC40059AB3D /* FeedStore.xcdatamodel */,
			);
			currentVersion = 43BCC8072DF42AC40059AB3D /* FeedStore.xcdatamodel */;
			path = FeedStore.xcdatamodeld;
			sourceTree = "<group>";
			versionGroupType = wrapper.xcdatamodel;
		};
/* End XCVersionGroup section */
	};
	rootObject = 080EDEE821B6DA7E00813479 /* Project object */;
}
